// !$*UTF8*$!
{
	archiveVersion = 1;
	classes = {
	};
	objectVersion = 46;
	objects = {

/* Begin PBXBuildFile section */
		182833C81BF229870034DB33 /* ListTableViewController.m in Sources */ = {isa = PBXBuildFile; fileRef = 182833C71BF229870034DB33 /* ListTableViewController.m */; settings = {ASSET_TAGS = (); }; };
		182833D31BF22CCC0034DB33 /* InfoViewController.m in Sources */ = {isa = PBXBuildFile; fileRef = 182833D11BF22CCC0034DB33 /* InfoViewController.m */; settings = {ASSET_TAGS = (); }; };
		182833D41BF22CCC0034DB33 /* InfoViewController.xib in Resources */ = {isa = PBXBuildFile; fileRef = 182833D21BF22CCC0034DB33 /* InfoViewController.xib */; settings = {ASSET_TAGS = (); }; };
		182833D71BF22CE50034DB33 /* MainNavigationViewController.m in Sources */ = {isa = PBXBuildFile; fileRef = 182833D61BF22CE50034DB33 /* MainNavigationViewController.m */; settings = {ASSET_TAGS = (); }; };
		182834871BF347F70034DB33 /* ChineseCalendar.sqlite in Resources */ = {isa = PBXBuildFile; fileRef = 182834691BF347F70034DB33 /* ChineseCalendar.sqlite */; settings = {ASSET_TAGS = (); }; };
		182834881BF347F70034DB33 /* FMDatabase.m in Sources */ = {isa = PBXBuildFile; fileRef = 1828346B1BF347F70034DB33 /* FMDatabase.m */; settings = {ASSET_TAGS = (); }; };
		182834891BF347F70034DB33 /* FMDatabaseAdditions.m in Sources */ = {isa = PBXBuildFile; fileRef = 1828346D1BF347F70034DB33 /* FMDatabaseAdditions.m */; settings = {ASSET_TAGS = (); }; };
		1828348A1BF347F70034DB33 /* FMDatabasePool.m in Sources */ = {isa = PBXBuildFile; fileRef = 1828346F1BF347F70034DB33 /* FMDatabasePool.m */; settings = {ASSET_TAGS = (); }; };
		1828348B1BF347F70034DB33 /* FMDatabaseQueue.m in Sources */ = {isa = PBXBuildFile; fileRef = 182834711BF347F70034DB33 /* FMDatabaseQueue.m */; settings = {ASSET_TAGS = (); }; };
		1828348C1BF347F70034DB33 /* FMResultSet.m in Sources */ = {isa = PBXBuildFile; fileRef = 182834741BF347F70034DB33 /* FMResultSet.m */; settings = {ASSET_TAGS = (); }; };
		1828348D1BF347F70034DB33 /* CYDatetime.m in Sources */ = {isa = PBXBuildFile; fileRef = 182834771BF347F70034DB33 /* CYDatetime.m */; settings = {ASSET_TAGS = (); }; };
		1828348E1BF347F70034DB33 /* LunarCalendar.m in Sources */ = {isa = PBXBuildFile; fileRef = 182834791BF347F70034DB33 /* LunarCalendar.m */; settings = {ASSET_TAGS = (); }; };
		1828348F1BF347F70034DB33 /* NSDate+convenience.m in Sources */ = {isa = PBXBuildFile; fileRef = 1828347C1BF347F70034DB33 /* NSDate+convenience.m */; settings = {ASSET_TAGS = (); }; };
		182834901BF347F70034DB33 /* NSMutableArray+convenience.m in Sources */ = {isa = PBXBuildFile; fileRef = 1828347E1BF347F70034DB33 /* NSMutableArray+convenience.m */; settings = {ASSET_TAGS = (); }; };
		182834911BF347F70034DB33 /* UIColor+expanded.m in Sources */ = {isa = PBXBuildFile; fileRef = 182834801BF347F70034DB33 /* UIColor+expanded.m */; settings = {ASSET_TAGS = (); }; };
		182834921BF347F70034DB33 /* UIView+convenience.m in Sources */ = {isa = PBXBuildFile; fileRef = 182834821BF347F70034DB33 /* UIView+convenience.m */; settings = {ASSET_TAGS = (); }; };
		182834931BF347F70034DB33 /* VRGCalendarView.m in Sources */ = {isa = PBXBuildFile; fileRef = 182834841BF347F70034DB33 /* VRGCalendarView.m */; settings = {ASSET_TAGS = (); }; };
		182834941BF347F70034DB33 /* CalendarController.m in Sources */ = {isa = PBXBuildFile; fileRef = 182834861BF347F70034DB33 /* CalendarController.m */; settings = {ASSET_TAGS = (); }; };
		182834961BF348390034DB33 /* UIKit.framework in Frameworks */ = {isa = PBXBuildFile; fileRef = 182834951BF348390034DB33 /* UIKit.framework */; };
		182834981BF348460034DB33 /* libsqlite3.tbd in Frameworks */ = {isa = PBXBuildFile; fileRef = 182834971BF348460034DB33 /* libsqlite3.tbd */; };
		1828349C1BF368B80034DB33 /* AddScheduleTableController.m in Sources */ = {isa = PBXBuildFile; fileRef = 1828349B1BF368B80034DB33 /* AddScheduleTableController.m */; settings = {ASSET_TAGS = (); }; };
		1828349F1BF36C1E0034DB33 /* AddScheduleView.m in Sources */ = {isa = PBXBuildFile; fileRef = 1828349E1BF36C1E0034DB33 /* AddScheduleView.m */; settings = {ASSET_TAGS = (); }; };
		182834DD1BF3A5110034DB33 /* BirthdayViewCell.m in Sources */ = {isa = PBXBuildFile; fileRef = 182834DC1BF3A5110034DB33 /* BirthdayViewCell.m */; settings = {ASSET_TAGS = (); }; };
		1883D9911BF423AD0002FF2F /* heihei.jpg in Resources */ = {isa = PBXBuildFile; fileRef = 1883D9901BF423AD0002FF2F /* heihei.jpg */; settings = {ASSET_TAGS = (); }; };
		1883D9961BF472350002FF2F /* AddBirthViewController.m in Sources */ = {isa = PBXBuildFile; fileRef = 1883D9951BF472350002FF2F /* AddBirthViewController.m */; settings = {ASSET_TAGS = (); }; };
		1883D9CC1BF4AC790002FF2F /* HSDatePickerViewController.m in Sources */ = {isa = PBXBuildFile; fileRef = 1883D9CA1BF4AC790002FF2F /* HSDatePickerViewController.m */; settings = {ASSET_TAGS = (); }; };
		1883D9CD1BF4AC790002FF2F /* HSDatePickerViewController.xib in Resources */ = {isa = PBXBuildFile; fileRef = 1883D9CB1BF4AC790002FF2F /* HSDatePickerViewController.xib */; settings = {ASSET_TAGS = (); }; };
		1883D9D21BF4B42E0002FF2F /* lanpng.png in Resources */ = {isa = PBXBuildFile; fileRef = 1883D9CE1BF4B42E0002FF2F /* lanpng.png */; settings = {ASSET_TAGS = (); }; };
		1883D9D31BF4B42E0002FF2F /* lvpng.png in Resources */ = {isa = PBXBuildFile; fileRef = 1883D9CF1BF4B42E0002FF2F /* lvpng.png */; settings = {ASSET_TAGS = (); }; };
		1883D9D41BF4B42E0002FF2F /* hongpng.png in Resources */ = {isa = PBXBuildFile; fileRef = 1883D9D01BF4B42E0002FF2F /* hongpng.png */; settings = {ASSET_TAGS = (); }; };
		1883D9D51BF4B42E0002FF2F /* lan2png.png in Resources */ = {isa = PBXBuildFile; fileRef = 1883D9D11BF4B42E0002FF2F /* lan2png.png */; settings = {ASSET_TAGS = (); }; };
		18B998821BF07574006B3FBB /* ScheduleView.m in Sources */ = {isa = PBXBuildFile; fileRef = 18B998811BF07574006B3FBB /* ScheduleView.m */; };
		18B9988A1BF08225006B3FBB /* ScheduleCell.m in Sources */ = {isa = PBXBuildFile; fileRef = 18B998891BF08225006B3FBB /* ScheduleCell.m */; };
		18B9989B1BF08C9E006B3FBB /* SelectDateController.m in Sources */ = {isa = PBXBuildFile; fileRef = 18B9989A1BF08C9E006B3FBB /* SelectDateController.m */; };
		18B998A11BF08D68006B3FBB /* SelectDateView.m in Sources */ = {isa = PBXBuildFile; fileRef = 18B998A01BF08D68006B3FBB /* SelectDateView.m */; };
		18B998A41BF09357006B3FBB /* ScheduleInfoController.m in Sources */ = {isa = PBXBuildFile; fileRef = 18B998A31BF09357006B3FBB /* ScheduleInfoController.m */; };
		18B998AA1BF093C5006B3FBB /* ScheduleInfoView.m in Sources */ = {isa = PBXBuildFile; fileRef = 18B998A91BF093C5006B3FBB /* ScheduleInfoView.m */; };
		18B998AD1BF0D176006B3FBB /* Schedule.m in Sources */ = {isa = PBXBuildFile; fileRef = 18B998AC1BF0D175006B3FBB /* Schedule.m */; };
		18B998B01BF0D277006B3FBB /* Helper.m in Sources */ = {isa = PBXBuildFile; fileRef = 18B998AF1BF0D277006B3FBB /* Helper.m */; };
		C26C980F1BF1EC5D00E70CE4 /* FirstCell.m in Sources */ = {isa = PBXBuildFile; fileRef = C26C98071BF1EC5D00E70CE4 /* FirstCell.m */; };
		C26C98101BF1EC5D00E70CE4 /* FirstCell.xib in Resources */ = {isa = PBXBuildFile; fileRef = C26C98081BF1EC5D00E70CE4 /* FirstCell.xib */; };
		C26C98111BF1EC5D00E70CE4 /* SecondCell.m in Sources */ = {isa = PBXBuildFile; fileRef = C26C980A1BF1EC5D00E70CE4 /* SecondCell.m */; };
		C26C98121BF1EC5D00E70CE4 /* SecondCell.xib in Resources */ = {isa = PBXBuildFile; fileRef = C26C980B1BF1EC5D00E70CE4 /* SecondCell.xib */; };
		C26C98131BF1EC5D00E70CE4 /* FourCell.m in Sources */ = {isa = PBXBuildFile; fileRef = C26C980D1BF1EC5D00E70CE4 /* FourCell.m */; };
		C26C98141BF1EC5D00E70CE4 /* FourCell.xib in Resources */ = {isa = PBXBuildFile; fileRef = C26C980E1BF1EC5D00E70CE4 /* FourCell.xib */; };
		C26C98181BF1EC6E00E70CE4 /* Weather.m in Sources */ = {isa = PBXBuildFile; fileRef = C26C98161BF1EC6E00E70CE4 /* Weather.m */; };
		C26C98191BF1EC6E00E70CE4 /* Weather_Json.txt in Resources */ = {isa = PBXBuildFile; fileRef = C26C98171BF1EC6E00E70CE4 /* Weather_Json.txt */; };
		C26C981D1BF1EC7600E70CE4 /* tableViewTableViewController.m in Sources */ = {isa = PBXBuildFile; fileRef = C26C981B1BF1EC7600E70CE4 /* tableViewTableViewController.m */; };
		C26C981E1BF1EC7600E70CE4 /* weather.jpg in Resources */ = {isa = PBXBuildFile; fileRef = C26C981C1BF1EC7600E70CE4 /* weather.jpg */; };
		C26C98221BF1EC8E00E70CE4 /* DataHelper.m in Sources */ = {isa = PBXBuildFile; fileRef = C26C98211BF1EC8E00E70CE4 /* DataHelper.m */; };
		C26C98241BF1ECA700E70CE4 /* YC.Storyboard in Resources */ = {isa = PBXBuildFile; fileRef = C26C98231BF1ECA700E70CE4 /* YC.Storyboard */; };
		C26C98261BF1ED0000E70CE4 /* CoreLocation.framework in Frameworks */ = {isa = PBXBuildFile; fileRef = C26C98251BF1ED0000E70CE4 /* CoreLocation.framework */; };
		C26C982A1BF20E4B00E70CE4 /* ViewImg1.m in Sources */ = {isa = PBXBuildFile; fileRef = C26C98291BF20E4B00E70CE4 /* ViewImg1.m */; settings = {ASSET_TAGS = (); }; };
		C26C982C1BF219D400E70CE4 /* 111.jpg in Resources */ = {isa = PBXBuildFile; fileRef = C26C982B1BF219D400E70CE4 /* 111.jpg */; settings = {ASSET_TAGS = (); }; };
		C26CF85A1BF05CD8006E1D5E /* main.m in Sources */ = {isa = PBXBuildFile; fileRef = C26CF8591BF05CD8006E1D5E /* main.m */; };
		C26CF85D1BF05CD8006E1D5E /* AppDelegate.m in Sources */ = {isa = PBXBuildFile; fileRef = C26CF85C1BF05CD8006E1D5E /* AppDelegate.m */; };
		C26CF8601BF05CD8006E1D5E /* ViewController.m in Sources */ = {isa = PBXBuildFile; fileRef = C26CF85F1BF05CD8006E1D5E /* ViewController.m */; };
		C26CF8631BF05CD8006E1D5E /* Main.storyboard in Resources */ = {isa = PBXBuildFile; fileRef = C26CF8611BF05CD8006E1D5E /* Main.storyboard */; };
		C26CF8651BF05CD8006E1D5E /* Assets.xcassets in Resources */ = {isa = PBXBuildFile; fileRef = C26CF8641BF05CD8006E1D5E /* Assets.xcassets */; };
		C26CF8681BF05CD8006E1D5E /* LaunchScreen.storyboard in Resources */ = {isa = PBXBuildFile; fileRef = C26CF8661BF05CD8006E1D5E /* LaunchScreen.storyboard */; };
		C26CF8801BF05DC8006E1D5E /* WeatherViewController.m in Sources */ = {isa = PBXBuildFile; fileRef = C26CF87F1BF05DC8006E1D5E /* WeatherViewController.m */; };
		C26CF8831BF05DDB006E1D5E /* ScheduleViewController.m in Sources */ = {isa = PBXBuildFile; fileRef = C26CF8821BF05DDB006E1D5E /* ScheduleViewController.m */; };
		C26CF8891BF05E1A006E1D5E /* DailyViewController.m in Sources */ = {isa = PBXBuildFile; fileRef = C26CF8881BF05E1A006E1D5E /* DailyViewController.m */; };
		C26CF88C1BF05E24006E1D5E /* QRViewController.m in Sources */ = {isa = PBXBuildFile; fileRef = C26CF88B1BF05E24006E1D5E /* QRViewController.m */; };
		C26CF88F1BF05E44006E1D5E /* LookDiaryViewController.m in Sources */ = {isa = PBXBuildFile; fileRef = C26CF88E1BF05E44006E1D5E /* LookDiaryViewController.m */; };
		C26CF8981BF05E79006E1D5E /* BirthdayViewController.m in Sources */ = {isa = PBXBuildFile; fileRef = C26CF8971BF05E79006E1D5E /* BirthdayViewController.m */; };
		C26CF89B1BF05E82006E1D5E /* MainViewController.m in Sources */ = {isa = PBXBuildFile; fileRef = C26CF89A1BF05E82006E1D5E /* MainViewController.m */; };
		C2772BC21BF17E1D004EE0E6 /* mohu.png in Resources */ = {isa = PBXBuildFile; fileRef = C2772BC11BF17E1D004EE0E6 /* mohu.png */; };
		C2772BC81BF1DA6C004EE0E6 /* jian.jpg in Resources */ = {isa = PBXBuildFile; fileRef = C2772BC41BF1DA6C004EE0E6 /* jian.jpg */; };
		C2772BC91BF1DA6C004EE0E6 /* jian3.jpg in Resources */ = {isa = PBXBuildFile; fileRef = C2772BC51BF1DA6C004EE0E6 /* jian3.jpg */; };
		C2772BCA1BF1DA6C004EE0E6 /* jiang4.jpg in Resources */ = {isa = PBXBuildFile; fileRef = C2772BC61BF1DA6C004EE0E6 /* jiang4.jpg */; };
		C2772BCB1BF1DA6C004EE0E6 /* tu.jpg in Resources */ = {isa = PBXBuildFile; fileRef = C2772BC71BF1DA6C004EE0E6 /* tu.jpg */; };
		C2772BD11BF1DA74004EE0E6 /* t3.png in Resources */ = {isa = PBXBuildFile; fileRef = C2772BCD1BF1DA74004EE0E6 /* t3.png */; };
		C2772BD21BF1DA74004EE0E6 /* tu3.png in Resources */ = {isa = PBXBuildFile; fileRef = C2772BCE1BF1DA74004EE0E6 /* tu3.png */; };
		C2772BD31BF1DA74004EE0E6 /* tui1.png in Resources */ = {isa = PBXBuildFile; fileRef = C2772BCF1BF1DA74004EE0E6 /* tui1.png */; };
		C2772BD41BF1DA74004EE0E6 /* yuantu.png in Resources */ = {isa = PBXBuildFile; fileRef = C2772BD01BF1DA74004EE0E6 /* yuantu.png */; };
		C29D3FFE1BF0E40B00CABAF9 /* NIU.storyboard in Resources */ = {isa = PBXBuildFile; fileRef = C29D3FFD1BF0E40B00CABAF9 /* NIU.storyboard */; };
		C2CC993D1BF0E87300246596 /* WaterFallFlowLayout.m in Sources */ = {isa = PBXBuildFile; fileRef = C2CC99361BF0E87300246596 /* WaterFallFlowLayout.m */; };
		C2CC993E1BF0E87300246596 /* WaterFallUICollectionViewCell.m in Sources */ = {isa = PBXBuildFile; fileRef = C2CC99381BF0E87300246596 /* WaterFallUICollectionViewCell.m */; };
		C2CC993F1BF0E87300246596 /* WriteDiaryViewController.m in Sources */ = {isa = PBXBuildFile; fileRef = C2CC993A1BF0E87300246596 /* WriteDiaryViewController.m */; };
		C2CC99401BF0E87300246596 /* WriteViewController.m in Sources */ = {isa = PBXBuildFile; fileRef = C2CC993C1BF0E87300246596 /* WriteViewController.m */; };
/* End PBXBuildFile section */

/* Begin PBXFileReference section */
		182833C61BF229870034DB33 /* ListTableViewController.h */ = {isa = PBXFileReference; fileEncoding = 4; lastKnownFileType = sourcecode.c.h; path = ListTableViewController.h; sourceTree = "<group>"; };
		182833C71BF229870034DB33 /* ListTableViewController.m */ = {isa = PBXFileReference; fileEncoding = 4; lastKnownFileType = sourcecode.c.objc; path = ListTableViewController.m; sourceTree = "<group>"; };
		182833D01BF22CCC0034DB33 /* InfoViewController.h */ = {isa = PBXFileReference; fileEncoding = 4; lastKnownFileType = sourcecode.c.h; path = InfoViewController.h; sourceTree = "<group>"; };
		182833D11BF22CCC0034DB33 /* InfoViewController.m */ = {isa = PBXFileReference; fileEncoding = 4; lastKnownFileType = sourcecode.c.objc; path = InfoViewController.m; sourceTree = "<group>"; };
		182833D21BF22CCC0034DB33 /* InfoViewController.xib */ = {isa = PBXFileReference; fileEncoding = 4; lastKnownFileType = file.xib; path = InfoViewController.xib; sourceTree = "<group>"; };
		182833D51BF22CE50034DB33 /* MainNavigationViewController.h */ = {isa = PBXFileReference; fileEncoding = 4; lastKnownFileType = sourcecode.c.h; path = MainNavigationViewController.h; sourceTree = "<group>"; };
		182833D61BF22CE50034DB33 /* MainNavigationViewController.m */ = {isa = PBXFileReference; fileEncoding = 4; lastKnownFileType = sourcecode.c.objc; path = MainNavigationViewController.m; sourceTree = "<group>"; };
		182834691BF347F70034DB33 /* ChineseCalendar.sqlite */ = {isa = PBXFileReference; lastKnownFileType = file; path = ChineseCalendar.sqlite; sourceTree = "<group>"; };
		1828346A1BF347F70034DB33 /* FMDatabase.h */ = {isa = PBXFileReference; fileEncoding = 4; lastKnownFileType = sourcecode.c.h; path = FMDatabase.h; sourceTree = "<group>"; };
		1828346B1BF347F70034DB33 /* FMDatabase.m */ = {isa = PBXFileReference; fileEncoding = 4; lastKnownFileType = sourcecode.c.objc; path = FMDatabase.m; sourceTree = "<group>"; };
		1828346C1BF347F70034DB33 /* FMDatabaseAdditions.h */ = {isa = PBXFileReference; fileEncoding = 4; lastKnownFileType = sourcecode.c.h; path = FMDatabaseAdditions.h; sourceTree = "<group>"; };
		1828346D1BF347F70034DB33 /* FMDatabaseAdditions.m */ = {isa = PBXFileReference; fileEncoding = 4; lastKnownFileType = sourcecode.c.objc; path = FMDatabaseAdditions.m; sourceTree = "<group>"; };
		1828346E1BF347F70034DB33 /* FMDatabasePool.h */ = {isa = PBXFileReference; fileEncoding = 4; lastKnownFileType = sourcecode.c.h; path = FMDatabasePool.h; sourceTree = "<group>"; };
		1828346F1BF347F70034DB33 /* FMDatabasePool.m */ = {isa = PBXFileReference; fileEncoding = 4; lastKnownFileType = sourcecode.c.objc; path = FMDatabasePool.m; sourceTree = "<group>"; };
		182834701BF347F70034DB33 /* FMDatabaseQueue.h */ = {isa = PBXFileReference; fileEncoding = 4; lastKnownFileType = sourcecode.c.h; path = FMDatabaseQueue.h; sourceTree = "<group>"; };
		182834711BF347F70034DB33 /* FMDatabaseQueue.m */ = {isa = PBXFileReference; fileEncoding = 4; lastKnownFileType = sourcecode.c.objc; path = FMDatabaseQueue.m; sourceTree = "<group>"; };
		182834721BF347F70034DB33 /* FMDB.h */ = {isa = PBXFileReference; fileEncoding = 4; lastKnownFileType = sourcecode.c.h; path = FMDB.h; sourceTree = "<group>"; };
		182834731BF347F70034DB33 /* FMResultSet.h */ = {isa = PBXFileReference; fileEncoding = 4; lastKnownFileType = sourcecode.c.h; path = FMResultSet.h; sourceTree = "<group>"; };
		182834741BF347F70034DB33 /* FMResultSet.m */ = {isa = PBXFileReference; fileEncoding = 4; lastKnownFileType = sourcecode.c.objc; path = FMResultSet.m; sourceTree = "<group>"; };
		182834761BF347F70034DB33 /* CYDatetime.h */ = {isa = PBXFileReference; fileEncoding = 4; lastKnownFileType = sourcecode.c.h; path = CYDatetime.h; sourceTree = "<group>"; };
		182834771BF347F70034DB33 /* CYDatetime.m */ = {isa = PBXFileReference; fileEncoding = 4; lastKnownFileType = sourcecode.c.objc; path = CYDatetime.m; sourceTree = "<group>"; };
		182834781BF347F70034DB33 /* LunarCalendar.h */ = {isa = PBXFileReference; fileEncoding = 4; lastKnownFileType = sourcecode.c.h; path = LunarCalendar.h; sourceTree = "<group>"; };
		182834791BF347F70034DB33 /* LunarCalendar.m */ = {isa = PBXFileReference; fileEncoding = 4; lastKnownFileType = sourcecode.c.objc; path = LunarCalendar.m; sourceTree = "<group>"; };
		1828347B1BF347F70034DB33 /* NSDate+convenience.h */ = {isa = PBXFileReference; fileEncoding = 4; lastKnownFileType = sourcecode.c.h; path = "NSDate+convenience.h"; sourceTree = "<group>"; };
		1828347C1BF347F70034DB33 /* NSDate+convenience.m */ = {isa = PBXFileReference; fileEncoding = 4; lastKnownFileType = sourcecode.c.objc; path = "NSDate+convenience.m"; sourceTree = "<group>"; };
		1828347D1BF347F70034DB33 /* NSMutableArray+convenience.h */ = {isa = PBXFileReference; fileEncoding = 4; lastKnownFileType = sourcecode.c.h; path = "NSMutableArray+convenience.h"; sourceTree = "<group>"; };
		1828347E1BF347F70034DB33 /* NSMutableArray+convenience.m */ = {isa = PBXFileReference; fileEncoding = 4; lastKnownFileType = sourcecode.c.objc; path = "NSMutableArray+convenience.m"; sourceTree = "<group>"; };
		1828347F1BF347F70034DB33 /* UIColor+expanded.h */ = {isa = PBXFileReference; fileEncoding = 4; lastKnownFileType = sourcecode.c.h; path = "UIColor+expanded.h"; sourceTree = "<group>"; };
		182834801BF347F70034DB33 /* UIColor+expanded.m */ = {isa = PBXFileReference; fileEncoding = 4; lastKnownFileType = sourcecode.c.objc; path = "UIColor+expanded.m"; sourceTree = "<group>"; };
		182834811BF347F70034DB33 /* UIView+convenience.h */ = {isa = PBXFileReference; fileEncoding = 4; lastKnownFileType = sourcecode.c.h; path = "UIView+convenience.h"; sourceTree = "<group>"; };
		182834821BF347F70034DB33 /* UIView+convenience.m */ = {isa = PBXFileReference; fileEncoding = 4; lastKnownFileType = sourcecode.c.objc; path = "UIView+convenience.m"; sourceTree = "<group>"; };
		182834831BF347F70034DB33 /* VRGCalendarView.h */ = {isa = PBXFileReference; fileEncoding = 4; lastKnownFileType = sourcecode.c.h; path = VRGCalendarView.h; sourceTree = "<group>"; };
		182834841BF347F70034DB33 /* VRGCalendarView.m */ = {isa = PBXFileReference; fileEncoding = 4; lastKnownFileType = sourcecode.c.objc; path = VRGCalendarView.m; sourceTree = "<group>"; };
		182834851BF347F70034DB33 /* CalendarController.h */ = {isa = PBXFileReference; fileEncoding = 4; lastKnownFileType = sourcecode.c.h; path = CalendarController.h; sourceTree = "<group>"; };
		182834861BF347F70034DB33 /* CalendarController.m */ = {isa = PBXFileReference; fileEncoding = 4; lastKnownFileType = sourcecode.c.objc; path = CalendarController.m; sourceTree = "<group>"; };
		182834951BF348390034DB33 /* UIKit.framework */ = {isa = PBXFileReference; lastKnownFileType = wrapper.framework; name = UIKit.framework; path = System/Library/Frameworks/UIKit.framework; sourceTree = SDKROOT; };
		182834971BF348460034DB33 /* libsqlite3.tbd */ = {isa = PBXFileReference; lastKnownFileType = "sourcecode.text-based-dylib-definition"; name = libsqlite3.tbd; path = usr/lib/libsqlite3.tbd; sourceTree = SDKROOT; };
		1828349A1BF368B80034DB33 /* AddScheduleTableController.h */ = {isa = PBXFileReference; fileEncoding = 4; lastKnownFileType = sourcecode.c.h; path = AddScheduleTableController.h; sourceTree = "<group>"; };
		1828349B1BF368B80034DB33 /* AddScheduleTableController.m */ = {isa = PBXFileReference; fileEncoding = 4; lastKnownFileType = sourcecode.c.objc; path = AddScheduleTableController.m; sourceTree = "<group>"; };
		1828349D1BF36C1E0034DB33 /* AddScheduleView.h */ = {isa = PBXFileReference; fileEncoding = 4; lastKnownFileType = sourcecode.c.h; path = AddScheduleView.h; sourceTree = "<group>"; };
		1828349E1BF36C1E0034DB33 /* AddScheduleView.m */ = {isa = PBXFileReference; fileEncoding = 4; lastKnownFileType = sourcecode.c.objc; path = AddScheduleView.m; sourceTree = "<group>"; };
		182834DB1BF3A5110034DB33 /* BirthdayViewCell.h */ = {isa = PBXFileReference; fileEncoding = 4; lastKnownFileType = sourcecode.c.h; path = BirthdayViewCell.h; sourceTree = "<group>"; };
		182834DC1BF3A5110034DB33 /* BirthdayViewCell.m */ = {isa = PBXFileReference; fileEncoding = 4; lastKnownFileType = sourcecode.c.objc; path = BirthdayViewCell.m; sourceTree = "<group>"; };
		1883D9901BF423AD0002FF2F /* heihei.jpg */ = {isa = PBXFileReference; lastKnownFileType = image.jpeg; path = heihei.jpg; sourceTree = "<group>"; };
		1883D9941BF472350002FF2F /* AddBirthViewController.h */ = {isa = PBXFileReference; fileEncoding = 4; lastKnownFileType = sourcecode.c.h; path = AddBirthViewController.h; sourceTree = "<group>"; };
		1883D9951BF472350002FF2F /* AddBirthViewController.m */ = {isa = PBXFileReference; fileEncoding = 4; lastKnownFileType = sourcecode.c.objc; path = AddBirthViewController.m; sourceTree = "<group>"; };
		1883D9C91BF4AC790002FF2F /* HSDatePickerViewController.h */ = {isa = PBXFileReference; fileEncoding = 4; lastKnownFileType = sourcecode.c.h; path = HSDatePickerViewController.h; sourceTree = "<group>"; };
		1883D9CA1BF4AC790002FF2F /* HSDatePickerViewController.m */ = {isa = PBXFileReference; fileEncoding = 4; lastKnownFileType = sourcecode.c.objc; path = HSDatePickerViewController.m; sourceTree = "<group>"; };
		1883D9CB1BF4AC790002FF2F /* HSDatePickerViewController.xib */ = {isa = PBXFileReference; fileEncoding = 4; lastKnownFileType = file.xib; path = HSDatePickerViewController.xib; sourceTree = "<group>"; };
		1883D9CE1BF4B42E0002FF2F /* lanpng.png */ = {isa = PBXFileReference; lastKnownFileType = image.png; path = lanpng.png; sourceTree = "<group>"; };
		1883D9CF1BF4B42E0002FF2F /* lvpng.png */ = {isa = PBXFileReference; lastKnownFileType = image.png; path = lvpng.png; sourceTree = "<group>"; };
		1883D9D01BF4B42E0002FF2F /* hongpng.png */ = {isa = PBXFileReference; lastKnownFileType = image.png; path = hongpng.png; sourceTree = "<group>"; };
		1883D9D11BF4B42E0002FF2F /* lan2png.png */ = {isa = PBXFileReference; lastKnownFileType = image.png; path = lan2png.png; sourceTree = "<group>"; };
		18B998801BF07574006B3FBB /* ScheduleView.h */ = {isa = PBXFileReference; fileEncoding = 4; lastKnownFileType = sourcecode.c.h; path = ScheduleView.h; sourceTree = "<group>"; };
		18B998811BF07574006B3FBB /* ScheduleView.m */ = {isa = PBXFileReference; fileEncoding = 4; lastKnownFileType = sourcecode.c.objc; path = ScheduleView.m; sourceTree = "<group>"; };
		18B998841BF0769E006B3FBB /* PrefixHeader.pch */ = {isa = PBXFileReference; fileEncoding = 4; lastKnownFileType = sourcecode.c.h; path = PrefixHeader.pch; sourceTree = "<group>"; };
		18B998881BF08225006B3FBB /* ScheduleCell.h */ = {isa = PBXFileReference; fileEncoding = 4; lastKnownFileType = sourcecode.c.h; path = ScheduleCell.h; sourceTree = "<group>"; };
		18B998891BF08225006B3FBB /* ScheduleCell.m */ = {isa = PBXFileReference; fileEncoding = 4; lastKnownFileType = sourcecode.c.objc; path = ScheduleCell.m; sourceTree = "<group>"; };
		18B9988C1BF086F3006B3FBB /* Hong.h */ = {isa = PBXFileReference; lastKnownFileType = sourcecode.c.h; path = Hong.h; sourceTree = "<group>"; };
		18B998991BF08C9E006B3FBB /* SelectDateController.h */ = {isa = PBXFileReference; fileEncoding = 4; lastKnownFileType = sourcecode.c.h; path = SelectDateController.h; sourceTree = "<group>"; };
		18B9989A1BF08C9E006B3FBB /* SelectDateController.m */ = {isa = PBXFileReference; fileEncoding = 4; lastKnownFileType = sourcecode.c.objc; path = SelectDateController.m; sourceTree = "<group>"; };
		18B9989F1BF08D68006B3FBB /* SelectDateView.h */ = {isa = PBXFileReference; fileEncoding = 4; lastKnownFileType = sourcecode.c.h; path = SelectDateView.h; sourceTree = "<group>"; };
		18B998A01BF08D68006B3FBB /* SelectDateView.m */ = {isa = PBXFileReference; fileEncoding = 4; lastKnownFileType = sourcecode.c.objc; path = SelectDateView.m; sourceTree = "<group>"; };
		18B998A21BF09357006B3FBB /* ScheduleInfoController.h */ = {isa = PBXFileReference; fileEncoding = 4; lastKnownFileType = sourcecode.c.h; path = ScheduleInfoController.h; sourceTree = "<group>"; };
		18B998A31BF09357006B3FBB /* ScheduleInfoController.m */ = {isa = PBXFileReference; fileEncoding = 4; lastKnownFileType = sourcecode.c.objc; path = ScheduleInfoController.m; sourceTree = "<group>"; };
		18B998A81BF093C5006B3FBB /* ScheduleInfoView.h */ = {isa = PBXFileReference; fileEncoding = 4; lastKnownFileType = sourcecode.c.h; path = ScheduleInfoView.h; sourceTree = "<group>"; };
		18B998A91BF093C5006B3FBB /* ScheduleInfoView.m */ = {isa = PBXFileReference; fileEncoding = 4; lastKnownFileType = sourcecode.c.objc; path = ScheduleInfoView.m; sourceTree = "<group>"; };
		18B998AB1BF0D175006B3FBB /* Schedule.h */ = {isa = PBXFileReference; fileEncoding = 4; lastKnownFileType = sourcecode.c.h; path = Schedule.h; sourceTree = "<group>"; };
		18B998AC1BF0D175006B3FBB /* Schedule.m */ = {isa = PBXFileReference; fileEncoding = 4; lastKnownFileType = sourcecode.c.objc; path = Schedule.m; sourceTree = "<group>"; };
		18B998AE1BF0D277006B3FBB /* Helper.h */ = {isa = PBXFileReference; fileEncoding = 4; lastKnownFileType = sourcecode.c.h; path = Helper.h; sourceTree = "<group>"; };
		18B998AF1BF0D277006B3FBB /* Helper.m */ = {isa = PBXFileReference; fileEncoding = 4; lastKnownFileType = sourcecode.c.objc; path = Helper.m; sourceTree = "<group>"; };
		C26C98061BF1EC5D00E70CE4 /* FirstCell.h */ = {isa = PBXFileReference; fileEncoding = 4; lastKnownFileType = sourcecode.c.h; path = FirstCell.h; sourceTree = "<group>"; };
		C26C98071BF1EC5D00E70CE4 /* FirstCell.m */ = {isa = PBXFileReference; fileEncoding = 4; lastKnownFileType = sourcecode.c.objc; path = FirstCell.m; sourceTree = "<group>"; };
		C26C98081BF1EC5D00E70CE4 /* FirstCell.xib */ = {isa = PBXFileReference; fileEncoding = 4; lastKnownFileType = file.xib; path = FirstCell.xib; sourceTree = "<group>"; };
		C26C98091BF1EC5D00E70CE4 /* SecondCell.h */ = {isa = PBXFileReference; fileEncoding = 4; lastKnownFileType = sourcecode.c.h; path = SecondCell.h; sourceTree = "<group>"; };
		C26C980A1BF1EC5D00E70CE4 /* SecondCell.m */ = {isa = PBXFileReference; fileEncoding = 4; lastKnownFileType = sourcecode.c.objc; path = SecondCell.m; sourceTree = "<group>"; };
		C26C980B1BF1EC5D00E70CE4 /* SecondCell.xib */ = {isa = PBXFileReference; fileEncoding = 4; lastKnownFileType = file.xib; path = SecondCell.xib; sourceTree = "<group>"; };
		C26C980C1BF1EC5D00E70CE4 /* FourCell.h */ = {isa = PBXFileReference; fileEncoding = 4; lastKnownFileType = sourcecode.c.h; path = FourCell.h; sourceTree = "<group>"; };
		C26C980D1BF1EC5D00E70CE4 /* FourCell.m */ = {isa = PBXFileReference; fileEncoding = 4; lastKnownFileType = sourcecode.c.objc; path = FourCell.m; sourceTree = "<group>"; };
		C26C980E1BF1EC5D00E70CE4 /* FourCell.xib */ = {isa = PBXFileReference; fileEncoding = 4; lastKnownFileType = file.xib; path = FourCell.xib; sourceTree = "<group>"; };
		C26C98151BF1EC6E00E70CE4 /* Weather.h */ = {isa = PBXFileReference; fileEncoding = 4; lastKnownFileType = sourcecode.c.h; path = Weather.h; sourceTree = "<group>"; };
		C26C98161BF1EC6E00E70CE4 /* Weather.m */ = {isa = PBXFileReference; fileEncoding = 4; lastKnownFileType = sourcecode.c.objc; path = Weather.m; sourceTree = "<group>"; };
		C26C98171BF1EC6E00E70CE4 /* Weather_Json.txt */ = {isa = PBXFileReference; fileEncoding = 4; lastKnownFileType = text; path = Weather_Json.txt; sourceTree = "<group>"; };
		C26C981A1BF1EC7600E70CE4 /* tableViewTableViewController.h */ = {isa = PBXFileReference; fileEncoding = 4; lastKnownFileType = sourcecode.c.h; path = tableViewTableViewController.h; sourceTree = "<group>"; };
		C26C981B1BF1EC7600E70CE4 /* tableViewTableViewController.m */ = {isa = PBXFileReference; fileEncoding = 4; lastKnownFileType = sourcecode.c.objc; path = tableViewTableViewController.m; sourceTree = "<group>"; };
		C26C981C1BF1EC7600E70CE4 /* weather.jpg */ = {isa = PBXFileReference; lastKnownFileType = image.jpeg; path = weather.jpg; sourceTree = "<group>"; };
		C26C98201BF1EC8E00E70CE4 /* DataHelper.h */ = {isa = PBXFileReference; fileEncoding = 4; lastKnownFileType = sourcecode.c.h; path = DataHelper.h; sourceTree = "<group>"; };
		C26C98211BF1EC8E00E70CE4 /* DataHelper.m */ = {isa = PBXFileReference; fileEncoding = 4; lastKnownFileType = sourcecode.c.objc; path = DataHelper.m; sourceTree = "<group>"; };
		C26C98231BF1ECA700E70CE4 /* YC.Storyboard */ = {isa = PBXFileReference; fileEncoding = 4; lastKnownFileType = file.storyboard; path = YC.Storyboard; sourceTree = "<group>"; };
		C26C98251BF1ED0000E70CE4 /* CoreLocation.framework */ = {isa = PBXFileReference; lastKnownFileType = wrapper.framework; name = CoreLocation.framework; path = System/Library/Frameworks/CoreLocation.framework; sourceTree = SDKROOT; };
		C26C98281BF20E4B00E70CE4 /* ViewImg1.h */ = {isa = PBXFileReference; fileEncoding = 4; lastKnownFileType = sourcecode.c.h; path = ViewImg1.h; sourceTree = "<group>"; };
		C26C98291BF20E4B00E70CE4 /* ViewImg1.m */ = {isa = PBXFileReference; fileEncoding = 4; lastKnownFileType = sourcecode.c.objc; path = ViewImg1.m; sourceTree = "<group>"; };
		C26C982B1BF219D400E70CE4 /* 111.jpg */ = {isa = PBXFileReference; lastKnownFileType = image.jpeg; path = 111.jpg; sourceTree = "<group>"; };
		C26CF8551BF05CD8006E1D5E /* team.app */ = {isa = PBXFileReference; explicitFileType = wrapper.application; includeInIndex = 0; path = team.app; sourceTree = BUILT_PRODUCTS_DIR; };
		C26CF8591BF05CD8006E1D5E /* main.m */ = {isa = PBXFileReference; lastKnownFileType = sourcecode.c.objc; path = main.m; sourceTree = "<group>"; };
		C26CF85B1BF05CD8006E1D5E /* AppDelegate.h */ = {isa = PBXFileReference; lastKnownFileType = sourcecode.c.h; path = AppDelegate.h; sourceTree = "<group>"; };
		C26CF85C1BF05CD8006E1D5E /* AppDelegate.m */ = {isa = PBXFileReference; lastKnownFileType = sourcecode.c.objc; path = AppDelegate.m; sourceTree = "<group>"; };
		C26CF85E1BF05CD8006E1D5E /* ViewController.h */ = {isa = PBXFileReference; lastKnownFileType = sourcecode.c.h; path = ViewController.h; sourceTree = "<group>"; };
		C26CF85F1BF05CD8006E1D5E /* ViewController.m */ = {isa = PBXFileReference; lastKnownFileType = sourcecode.c.objc; path = ViewController.m; sourceTree = "<group>"; };
		C26CF8621BF05CD8006E1D5E /* Base */ = {isa = PBXFileReference; lastKnownFileType = file.storyboard; name = Base; path = Base.lproj/Main.storyboard; sourceTree = "<group>"; };
		C26CF8641BF05CD8006E1D5E /* Assets.xcassets */ = {isa = PBXFileReference; lastKnownFileType = folder.assetcatalog; path = Assets.xcassets; sourceTree = "<group>"; };
		C26CF8671BF05CD8006E1D5E /* Base */ = {isa = PBXFileReference; lastKnownFileType = file.storyboard; name = Base; path = Base.lproj/LaunchScreen.storyboard; sourceTree = "<group>"; };
		C26CF8691BF05CD8006E1D5E /* Info.plist */ = {isa = PBXFileReference; lastKnownFileType = text.plist.xml; path = Info.plist; sourceTree = "<group>"; };
		C26CF87E1BF05DC8006E1D5E /* WeatherViewController.h */ = {isa = PBXFileReference; fileEncoding = 4; lastKnownFileType = sourcecode.c.h; path = WeatherViewController.h; sourceTree = "<group>"; };
		C26CF87F1BF05DC8006E1D5E /* WeatherViewController.m */ = {isa = PBXFileReference; fileEncoding = 4; lastKnownFileType = sourcecode.c.objc; path = WeatherViewController.m; sourceTree = "<group>"; };
		C26CF8811BF05DDB006E1D5E /* ScheduleViewController.h */ = {isa = PBXFileReference; fileEncoding = 4; lastKnownFileType = sourcecode.c.h; path = ScheduleViewController.h; sourceTree = "<group>"; };
		C26CF8821BF05DDB006E1D5E /* ScheduleViewController.m */ = {isa = PBXFileReference; fileEncoding = 4; lastKnownFileType = sourcecode.c.objc; path = ScheduleViewController.m; sourceTree = "<group>"; };
		C26CF8871BF05E1A006E1D5E /* DailyViewController.h */ = {isa = PBXFileReference; fileEncoding = 4; lastKnownFileType = sourcecode.c.h; path = DailyViewController.h; sourceTree = "<group>"; };
		C26CF8881BF05E1A006E1D5E /* DailyViewController.m */ = {isa = PBXFileReference; fileEncoding = 4; lastKnownFileType = sourcecode.c.objc; path = DailyViewController.m; sourceTree = "<group>"; };
		C26CF88A1BF05E24006E1D5E /* QRViewController.h */ = {isa = PBXFileReference; fileEncoding = 4; lastKnownFileType = sourcecode.c.h; path = QRViewController.h; sourceTree = "<group>"; };
		C26CF88B1BF05E24006E1D5E /* QRViewController.m */ = {isa = PBXFileReference; fileEncoding = 4; lastKnownFileType = sourcecode.c.objc; path = QRViewController.m; sourceTree = "<group>"; };
		C26CF88D1BF05E44006E1D5E /* LookDiaryViewController.h */ = {isa = PBXFileReference; fileEncoding = 4; lastKnownFileType = sourcecode.c.h; path = LookDiaryViewController.h; sourceTree = "<group>"; };
		C26CF88E1BF05E44006E1D5E /* LookDiaryViewController.m */ = {isa = PBXFileReference; fileEncoding = 4; lastKnownFileType = sourcecode.c.objc; path = LookDiaryViewController.m; sourceTree = "<group>"; };
		C26CF8961BF05E79006E1D5E /* BirthdayViewController.h */ = {isa = PBXFileReference; fileEncoding = 4; lastKnownFileType = sourcecode.c.h; path = BirthdayViewController.h; sourceTree = "<group>"; };
		C26CF8971BF05E79006E1D5E /* BirthdayViewController.m */ = {isa = PBXFileReference; fileEncoding = 4; lastKnownFileType = sourcecode.c.objc; path = BirthdayViewController.m; sourceTree = "<group>"; };
		C26CF8991BF05E82006E1D5E /* MainViewController.h */ = {isa = PBXFileReference; fileEncoding = 4; lastKnownFileType = sourcecode.c.h; path = MainViewController.h; sourceTree = "<group>"; };
		C26CF89A1BF05E82006E1D5E /* MainViewController.m */ = {isa = PBXFileReference; fileEncoding = 4; lastKnownFileType = sourcecode.c.objc; path = MainViewController.m; sourceTree = "<group>"; };
		C2772BC11BF17E1D004EE0E6 /* mohu.png */ = {isa = PBXFileReference; lastKnownFileType = image.png; path = mohu.png; sourceTree = "<group>"; };
		C2772BC41BF1DA6C004EE0E6 /* jian.jpg */ = {isa = PBXFileReference; lastKnownFileType = image.jpeg; path = jian.jpg; sourceTree = "<group>"; };
		C2772BC51BF1DA6C004EE0E6 /* jian3.jpg */ = {isa = PBXFileReference; lastKnownFileType = image.jpeg; path = jian3.jpg; sourceTree = "<group>"; };
		C2772BC61BF1DA6C004EE0E6 /* jiang4.jpg */ = {isa = PBXFileReference; lastKnownFileType = image.jpeg; path = jiang4.jpg; sourceTree = "<group>"; };
		C2772BC71BF1DA6C004EE0E6 /* tu.jpg */ = {isa = PBXFileReference; lastKnownFileType = image.jpeg; path = tu.jpg; sourceTree = "<group>"; };
		C2772BCD1BF1DA74004EE0E6 /* t3.png */ = {isa = PBXFileReference; lastKnownFileType = image.png; path = t3.png; sourceTree = "<group>"; };
		C2772BCE1BF1DA74004EE0E6 /* tu3.png */ = {isa = PBXFileReference; lastKnownFileType = image.png; path = tu3.png; sourceTree = "<group>"; };
		C2772BCF1BF1DA74004EE0E6 /* tui1.png */ = {isa = PBXFileReference; lastKnownFileType = image.png; path = tui1.png; sourceTree = "<group>"; };
		C2772BD01BF1DA74004EE0E6 /* yuantu.png */ = {isa = PBXFileReference; lastKnownFileType = image.png; path = yuantu.png; sourceTree = "<group>"; };
		C29D3FFD1BF0E40B00CABAF9 /* NIU.storyboard */ = {isa = PBXFileReference; fileEncoding = 4; lastKnownFileType = file.storyboard; path = NIU.storyboard; sourceTree = "<group>"; };
		C2CC99351BF0E87300246596 /* WaterFallFlowLayout.h */ = {isa = PBXFileReference; fileEncoding = 4; lastKnownFileType = sourcecode.c.h; path = WaterFallFlowLayout.h; sourceTree = "<group>"; };
		C2CC99361BF0E87300246596 /* WaterFallFlowLayout.m */ = {isa = PBXFileReference; fileEncoding = 4; lastKnownFileType = sourcecode.c.objc; path = WaterFallFlowLayout.m; sourceTree = "<group>"; };
		C2CC99371BF0E87300246596 /* WaterFallUICollectionViewCell.h */ = {isa = PBXFileReference; fileEncoding = 4; lastKnownFileType = sourcecode.c.h; path = WaterFallUICollectionViewCell.h; sourceTree = "<group>"; };
		C2CC99381BF0E87300246596 /* WaterFallUICollectionViewCell.m */ = {isa = PBXFileReference; fileEncoding = 4; lastKnownFileType = sourcecode.c.objc; path = WaterFallUICollectionViewCell.m; sourceTree = "<group>"; };
		C2CC99391BF0E87300246596 /* WriteDiaryViewController.h */ = {isa = PBXFileReference; fileEncoding = 4; lastKnownFileType = sourcecode.c.h; path = WriteDiaryViewController.h; sourceTree = "<group>"; };
		C2CC993A1BF0E87300246596 /* WriteDiaryViewController.m */ = {isa = PBXFileReference; fileEncoding = 4; lastKnownFileType = sourcecode.c.objc; path = WriteDiaryViewController.m; sourceTree = "<group>"; };
		C2CC993B1BF0E87300246596 /* WriteViewController.h */ = {isa = PBXFileReference; fileEncoding = 4; lastKnownFileType = sourcecode.c.h; path = WriteViewController.h; sourceTree = "<group>"; };
		C2CC993C1BF0E87300246596 /* WriteViewController.m */ = {isa = PBXFileReference; fileEncoding = 4; lastKnownFileType = sourcecode.c.objc; path = WriteViewController.m; sourceTree = "<group>"; };
/* End PBXFileReference section */

/* Begin PBXFrameworksBuildPhase section */
		C26CF8521BF05CD8006E1D5E /* Frameworks */ = {
			isa = PBXFrameworksBuildPhase;
			buildActionMask = 2147483647;
			files = (
				182834981BF348460034DB33 /* libsqlite3.tbd in Frameworks */,
				182834961BF348390034DB33 /* UIKit.framework in Frameworks */,
				C26C98261BF1ED0000E70CE4 /* CoreLocation.framework in Frameworks */,
			);
			runOnlyForDeploymentPostprocessing = 0;
		};
/* End PBXFrameworksBuildPhase section */

/* Begin PBXGroup section */
		182833C91BF2299C0034DB33 /* 标签_项目 */ = {
			isa = PBXGroup;
			children = (
				1883D9CE1BF4B42E0002FF2F /* lanpng.png */,
				1883D9CF1BF4B42E0002FF2F /* lvpng.png */,
				1883D9D01BF4B42E0002FF2F /* hongpng.png */,
				1883D9D11BF4B42E0002FF2F /* lan2png.png */,
			);
			path = "标签_项目";
			sourceTree = "<group>";
		};
		182834661BF347F70034DB33 /* Calendar */ = {
			isa = PBXGroup;
			children = (
				182834671BF347F70034DB33 /* FMDB */,
				182834751BF347F70034DB33 /* LunarCalendar */,
				1828347A1BF347F70034DB33 /* VRGCalendar */,
			);
			path = Calendar;
			sourceTree = "<group>";
		};
		182834671BF347F70034DB33 /* FMDB */ = {
			isa = PBXGroup;
			children = (
				182834681BF347F70034DB33 /* Data */,
				1828346A1BF347F70034DB33 /* FMDatabase.h */,
				1828346B1BF347F70034DB33 /* FMDatabase.m */,
				1828346C1BF347F70034DB33 /* FMDatabaseAdditions.h */,
				1828346D1BF347F70034DB33 /* FMDatabaseAdditions.m */,
				1828346E1BF347F70034DB33 /* FMDatabasePool.h */,
				1828346F1BF347F70034DB33 /* FMDatabasePool.m */,
				182834701BF347F70034DB33 /* FMDatabaseQueue.h */,
				182834711BF347F70034DB33 /* FMDatabaseQueue.m */,
				182834721BF347F70034DB33 /* FMDB.h */,
				182834731BF347F70034DB33 /* FMResultSet.h */,
				182834741BF347F70034DB33 /* FMResultSet.m */,
			);
			path = FMDB;
			sourceTree = "<group>";
		};
		182834681BF347F70034DB33 /* Data */ = {
			isa = PBXGroup;
			children = (
				182834691BF347F70034DB33 /* ChineseCalendar.sqlite */,
			);
			path = Data;
			sourceTree = "<group>";
		};
		182834751BF347F70034DB33 /* LunarCalendar */ = {
			isa = PBXGroup;
			children = (
				182834761BF347F70034DB33 /* CYDatetime.h */,
				182834771BF347F70034DB33 /* CYDatetime.m */,
				182834781BF347F70034DB33 /* LunarCalendar.h */,
				182834791BF347F70034DB33 /* LunarCalendar.m */,
			);
			path = LunarCalendar;
			sourceTree = "<group>";
		};
		1828347A1BF347F70034DB33 /* VRGCalendar */ = {
			isa = PBXGroup;
			children = (
				1828347B1BF347F70034DB33 /* NSDate+convenience.h */,
				1828347C1BF347F70034DB33 /* NSDate+convenience.m */,
				1828347D1BF347F70034DB33 /* NSMutableArray+convenience.h */,
				1828347E1BF347F70034DB33 /* NSMutableArray+convenience.m */,
				1828347F1BF347F70034DB33 /* UIColor+expanded.h */,
				182834801BF347F70034DB33 /* UIColor+expanded.m */,
				182834811BF347F70034DB33 /* UIView+convenience.h */,
				182834821BF347F70034DB33 /* UIView+convenience.m */,
				182834831BF347F70034DB33 /* VRGCalendarView.h */,
				182834841BF347F70034DB33 /* VRGCalendarView.m */,
			);
			path = VRGCalendar;
			sourceTree = "<group>";
		};
		1883D9C81BF4AC790002FF2F /* DATE */ = {
			isa = PBXGroup;
			children = (
				1883D9C91BF4AC790002FF2F /* HSDatePickerViewController.h */,
				1883D9CA1BF4AC790002FF2F /* HSDatePickerViewController.m */,
				1883D9CB1BF4AC790002FF2F /* HSDatePickerViewController.xib */,
			);
			path = DATE;
			sourceTree = "<group>";
		};
		18B998831BF0769E006B3FBB /* Header */ = {
			isa = PBXGroup;
			children = (
				18B998841BF0769E006B3FBB /* PrefixHeader.pch */,
				18B9988C1BF086F3006B3FBB /* Hong.h */,
			);
			name = Header;
			path = team/xinqing/Header;
			sourceTree = SOURCE_ROOT;
		};
		C26C98051BF1EC5100E70CE4 /* cell */ = {
			isa = PBXGroup;
			children = (
				C26C98061BF1EC5D00E70CE4 /* FirstCell.h */,
				C26C98071BF1EC5D00E70CE4 /* FirstCell.m */,
				C26C98081BF1EC5D00E70CE4 /* FirstCell.xib */,
				C26C98091BF1EC5D00E70CE4 /* SecondCell.h */,
				C26C980A1BF1EC5D00E70CE4 /* SecondCell.m */,
				C26C980B1BF1EC5D00E70CE4 /* SecondCell.xib */,
				C26C980C1BF1EC5D00E70CE4 /* FourCell.h */,
				C26C980D1BF1EC5D00E70CE4 /* FourCell.m */,
				C26C980E1BF1EC5D00E70CE4 /* FourCell.xib */,
			);
			name = cell;
			sourceTree = "<group>";
		};
		C26C981F1BF1EC7C00E70CE4 /* 工具 */ = {
			isa = PBXGroup;
			children = (
				C26C98201BF1EC8E00E70CE4 /* DataHelper.h */,
				C26C98211BF1EC8E00E70CE4 /* DataHelper.m */,
			);
			name = "工具";
			sourceTree = "<group>";
		};
		C26C98271BF20E0900E70CE4 /* View */ = {
			isa = PBXGroup;
			children = (
				C26C98281BF20E4B00E70CE4 /* ViewImg1.h */,
				C26C98291BF20E4B00E70CE4 /* ViewImg1.m */,
				C26C982B1BF219D400E70CE4 /* 111.jpg */,
			);
			name = View;
			sourceTree = "<group>";
		};
		C26CF84C1BF05CD8006E1D5E = {
			isa = PBXGroup;
			children = (
				182834971BF348460034DB33 /* libsqlite3.tbd */,
				182834951BF348390034DB33 /* UIKit.framework */,
				C26C98251BF1ED0000E70CE4 /* CoreLocation.framework */,
				C26CF8571BF05CD8006E1D5E /* team */,
				C26CF8561BF05CD8006E1D5E /* Products */,
			);
			sourceTree = "<group>";
		};
		C26CF8561BF05CD8006E1D5E /* Products */ = {
			isa = PBXGroup;
			children = (
				C26CF8551BF05CD8006E1D5E /* team.app */,
			);
			name = Products;
			sourceTree = "<group>";
		};
		C26CF8571BF05CD8006E1D5E /* team */ = {
			isa = PBXGroup;
			children = (
				C26CF85B1BF05CD8006E1D5E /* AppDelegate.h */,
				C26CF85C1BF05CD8006E1D5E /* AppDelegate.m */,
				C26CF86F1BF05CE7006E1D5E /* xinqing */,
				C26CF85E1BF05CD8006E1D5E /* ViewController.h */,
				C26CF85F1BF05CD8006E1D5E /* ViewController.m */,
				C26CF8641BF05CD8006E1D5E /* Assets.xcassets */,
				C26CF8661BF05CD8006E1D5E /* LaunchScreen.storyboard */,
				C26CF8691BF05CD8006E1D5E /* Info.plist */,
				C26CF8581BF05CD8006E1D5E /* Supporting Files */,
			);
			path = team;
			sourceTree = "<group>";
		};
		C26CF8581BF05CD8006E1D5E /* Supporting Files */ = {
			isa = PBXGroup;
			children = (
				C26CF8591BF05CD8006E1D5E /* main.m */,
			);
			name = "Supporting Files";
			sourceTree = "<group>";
		};
		C26CF86F1BF05CE7006E1D5E /* xinqing */ = {
			isa = PBXGroup;
			children = (
				C2772BCC1BF1DA74004EE0E6 /* Modolimage */,
				C2772BC31BF1DA6C004EE0E6 /* image */,
				C26CF8761BF05CE7006E1D5E /* Macro */,
				C26CF8771BF05CE7006E1D5E /* MainViewController */,
				C26CF8701BF05CE7006E1D5E /* BirthdayReminder */,
				C26CF8711BF05CE7006E1D5E /* Calendar（日历） */,
				C26CF8721BF05CE7006E1D5E /* Diary */,
				C26CF8781BF05CE7006E1D5E /* QRCode */,
				C26CF8791BF05CE7006E1D5E /* RecommendedDaily（每日推荐） */,
				C26CF87A1BF05CE7006E1D5E /* StarTheInterface */,
				C26CF87B1BF05CE7006E1D5E /* StoryBoard */,
				C26CF87C1BF05CE7006E1D5E /* TheSchedule（日程） */,
				C26CF87D1BF05CE7006E1D5E /* Weather */,
			);
			path = xinqing;
			sourceTree = "<group>";
		};
		C26CF8701BF05CE7006E1D5E /* BirthdayReminder */ = {
			isa = PBXGroup;
			children = (
				1883D9C81BF4AC790002FF2F /* DATE */,
				C26CF8961BF05E79006E1D5E /* BirthdayViewController.h */,
				C26CF8971BF05E79006E1D5E /* BirthdayViewController.m */,
				182834DB1BF3A5110034DB33 /* BirthdayViewCell.h */,
				182834DC1BF3A5110034DB33 /* BirthdayViewCell.m */,
				1883D9941BF472350002FF2F /* AddBirthViewController.h */,
				1883D9951BF472350002FF2F /* AddBirthViewController.m */,
				1883D9901BF423AD0002FF2F /* heihei.jpg */,
			);
			path = BirthdayReminder;
			sourceTree = "<group>";
		};
		C26CF8711BF05CE7006E1D5E /* Calendar（日历） */ = {
			isa = PBXGroup;
			children = (
				182834661BF347F70034DB33 /* Calendar */,
				182834851BF347F70034DB33 /* CalendarController.h */,
				182834861BF347F70034DB33 /* CalendarController.m */,
			);
			path = "Calendar（日历）";
			sourceTree = "<group>";
		};
		C26CF8721BF05CE7006E1D5E /* Diary */ = {
			isa = PBXGroup;
			children = (
				C2CC99341BF0E87300246596 /* WriteDiary */,
				C26CF8731BF05CE7006E1D5E /* LookDiary */,
			);
			path = Diary;
			sourceTree = "<group>";
		};
		C26CF8731BF05CE7006E1D5E /* LookDiary */ = {
			isa = PBXGroup;
			children = (
				C26CF88D1BF05E44006E1D5E /* LookDiaryViewController.h */,
				C26CF88E1BF05E44006E1D5E /* LookDiaryViewController.m */,
			);
			path = LookDiary;
			sourceTree = "<group>";
		};
		C26CF8761BF05CE7006E1D5E /* Macro */ = {
			isa = PBXGroup;
			children = (
				18B998831BF0769E006B3FBB /* Header */,
			);
			path = Macro;
			sourceTree = "<group>";
		};
		C26CF8771BF05CE7006E1D5E /* MainViewController */ = {
			isa = PBXGroup;
			children = (
				182833D51BF22CE50034DB33 /* MainNavigationViewController.h */,
				182833D61BF22CE50034DB33 /* MainNavigationViewController.m */,
				C26CF8991BF05E82006E1D5E /* MainViewController.h */,
				C26CF89A1BF05E82006E1D5E /* MainViewController.m */,
			);
			path = MainViewController;
			sourceTree = "<group>";
		};
		C26CF8781BF05CE7006E1D5E /* QRCode */ = {
			isa = PBXGroup;
			children = (
				C26CF88A1BF05E24006E1D5E /* QRViewController.h */,
				C26CF88B1BF05E24006E1D5E /* QRViewController.m */,
			);
			path = QRCode;
			sourceTree = "<group>";
		};
		C26CF8791BF05CE7006E1D5E /* RecommendedDaily（每日推荐） */ = {
			isa = PBXGroup;
			children = (
				C26CF8871BF05E1A006E1D5E /* DailyViewController.h */,
				C26CF8881BF05E1A006E1D5E /* DailyViewController.m */,
			);
			path = "RecommendedDaily（每日推荐）";
			sourceTree = "<group>";
		};
		C26CF87A1BF05CE7006E1D5E /* StarTheInterface */ = {
			isa = PBXGroup;
			children = (
				182833D01BF22CCC0034DB33 /* InfoViewController.h */,
				182833D11BF22CCC0034DB33 /* InfoViewController.m */,
				182833D21BF22CCC0034DB33 /* InfoViewController.xib */,
			);
			path = StarTheInterface;
			sourceTree = "<group>";
		};
		C26CF87B1BF05CE7006E1D5E /* StoryBoard */ = {
			isa = PBXGroup;
			children = (
				C26CF8611BF05CD8006E1D5E /* Main.storyboard */,
				C29D3FFD1BF0E40B00CABAF9 /* NIU.storyboard */,
				C26C98231BF1ECA700E70CE4 /* YC.Storyboard */,
			);
			path = StoryBoard;
			sourceTree = "<group>";
		};
		C26CF87C1BF05CE7006E1D5E /* TheSchedule（日程） */ = {
			isa = PBXGroup;
			children = (
				182833C91BF2299C0034DB33 /* 标签_项目 */,
				182833C61BF229870034DB33 /* ListTableViewController.h */,
				182833C71BF229870034DB33 /* ListTableViewController.m */,
				C26CF8811BF05DDB006E1D5E /* ScheduleViewController.h */,
				C26CF8821BF05DDB006E1D5E /* ScheduleViewController.m */,
				1828349A1BF368B80034DB33 /* AddScheduleTableController.h */,
				1828349B1BF368B80034DB33 /* AddScheduleTableController.m */,
				1828349D1BF36C1E0034DB33 /* AddScheduleView.h */,
				1828349E1BF36C1E0034DB33 /* AddScheduleView.m */,
				18B998801BF07574006B3FBB /* ScheduleView.h */,
				18B998811BF07574006B3FBB /* ScheduleView.m */,
				18B998881BF08225006B3FBB /* ScheduleCell.h */,
				18B998891BF08225006B3FBB /* ScheduleCell.m */,
				18B998991BF08C9E006B3FBB /* SelectDateController.h */,
				18B9989A1BF08C9E006B3FBB /* SelectDateController.m */,
				18B9989F1BF08D68006B3FBB /* SelectDateView.h */,
				18B998A01BF08D68006B3FBB /* SelectDateView.m */,
				18B998A21BF09357006B3FBB /* ScheduleInfoController.h */,
				18B998A31BF09357006B3FBB /* ScheduleInfoController.m */,
				18B998A81BF093C5006B3FBB /* ScheduleInfoView.h */,
				18B998A91BF093C5006B3FBB /* ScheduleInfoView.m */,
				18B998AB1BF0D175006B3FBB /* Schedule.h */,
				18B998AC1BF0D175006B3FBB /* Schedule.m */,
				18B998AE1BF0D277006B3FBB /* Helper.h */,
				18B998AF1BF0D277006B3FBB /* Helper.m */,
			);
			path = "TheSchedule（日程）";
			sourceTree = "<group>";
		};
		C26CF87D1BF05CE7006E1D5E /* Weather */ = {
			isa = PBXGroup;
			children = (
				C26CF87E1BF05DC8006E1D5E /* WeatherViewController.h */,
				C26CF87F1BF05DC8006E1D5E /* WeatherViewController.m */,
				C26C98151BF1EC6E00E70CE4 /* Weather.h */,
				C26C98161BF1EC6E00E70CE4 /* Weather.m */,
				C26C98171BF1EC6E00E70CE4 /* Weather_Json.txt */,
				C26C981A1BF1EC7600E70CE4 /* tableViewTableViewController.h */,
				C26C981B1BF1EC7600E70CE4 /* tableViewTableViewController.m */,
				C26C981C1BF1EC7600E70CE4 /* weather.jpg */,
				C26C98051BF1EC5100E70CE4 /* cell */,
				C26C981F1BF1EC7C00E70CE4 /* 工具 */,
			);
			path = Weather;
			sourceTree = "<group>";
		};
		C2772BC31BF1DA6C004EE0E6 /* image */ = {
			isa = PBXGroup;
			children = (
				C2772BC41BF1DA6C004EE0E6 /* jian.jpg */,
				C2772BC51BF1DA6C004EE0E6 /* jian3.jpg */,
				C2772BC61BF1DA6C004EE0E6 /* jiang4.jpg */,
				C2772BC71BF1DA6C004EE0E6 /* tu.jpg */,
			);
			path = image;
			sourceTree = "<group>";
		};
		C2772BCC1BF1DA74004EE0E6 /* Modolimage */ = {
			isa = PBXGroup;
			children = (
				C2772BCD1BF1DA74004EE0E6 /* t3.png */,
				C2772BCE1BF1DA74004EE0E6 /* tu3.png */,
				C2772BCF1BF1DA74004EE0E6 /* tui1.png */,
				C2772BD01BF1DA74004EE0E6 /* yuantu.png */,
			);
			path = Modolimage;
			sourceTree = "<group>";
		};
		C2CC99341BF0E87300246596 /* WriteDiary */ = {
			isa = PBXGroup;
			children = (
				C2CC99351BF0E87300246596 /* WaterFallFlowLayout.h */,
				C2CC99361BF0E87300246596 /* WaterFallFlowLayout.m */,
				C2CC99371BF0E87300246596 /* WaterFallUICollectionViewCell.h */,
				C2CC99381BF0E87300246596 /* WaterFallUICollectionViewCell.m */,
				C2CC99391BF0E87300246596 /* WriteDiaryViewController.h */,
				C2CC993A1BF0E87300246596 /* WriteDiaryViewController.m */,
				C2CC993B1BF0E87300246596 /* WriteViewController.h */,
				C2CC993C1BF0E87300246596 /* WriteViewController.m */,
				C2772BC11BF17E1D004EE0E6 /* mohu.png */,
				C26C98271BF20E0900E70CE4 /* View */,
			);
			path = WriteDiary;
			sourceTree = "<group>";
		};
/* End PBXGroup section */

/* Begin PBXNativeTarget section */
		C26CF8541BF05CD8006E1D5E /* team */ = {
			isa = PBXNativeTarget;
			buildConfigurationList = C26CF86C1BF05CD8006E1D5E /* Build configuration list for PBXNativeTarget "team" */;
			buildPhases = (
				C26CF8511BF05CD8006E1D5E /* Sources */,
				C26CF8521BF05CD8006E1D5E /* Frameworks */,
				C26CF8531BF05CD8006E1D5E /* Resources */,
			);
			buildRules = (
			);
			dependencies = (
			);
			name = team;
			productName = team;
			productReference = C26CF8551BF05CD8006E1D5E /* team.app */;
			productType = "com.apple.product-type.application";
		};
/* End PBXNativeTarget section */

/* Begin PBXProject section */
		C26CF84D1BF05CD8006E1D5E /* Project object */ = {
			isa = PBXProject;
			attributes = {
				LastUpgradeCheck = 0700;
				ORGANIZATIONNAME = "钮海雷";
				TargetAttributes = {
					C26CF8541BF05CD8006E1D5E = {
						CreatedOnToolsVersion = 7.0;
						DevelopmentTeam = 6B6YE73TA9;
					};
				};
			};
			buildConfigurationList = C26CF8501BF05CD8006E1D5E /* Build configuration list for PBXProject "team" */;
			compatibilityVersion = "Xcode 3.2";
			developmentRegion = English;
			hasScannedForEncodings = 0;
			knownRegions = (
				en,
				Base,
			);
			mainGroup = C26CF84C1BF05CD8006E1D5E;
			productRefGroup = C26CF8561BF05CD8006E1D5E /* Products */;
			projectDirPath = "";
			projectRoot = "";
			targets = (
				C26CF8541BF05CD8006E1D5E /* team */,
			);
		};
/* End PBXProject section */

/* Begin PBXResourcesBuildPhase section */
		C26CF8531BF05CD8006E1D5E /* Resources */ = {
			isa = PBXResourcesBuildPhase;
			buildActionMask = 2147483647;
			files = (
				C2772BD11BF1DA74004EE0E6 /* t3.png in Resources */,
				C26CF8681BF05CD8006E1D5E /* LaunchScreen.storyboard in Resources */,
				182834871BF347F70034DB33 /* ChineseCalendar.sqlite in Resources */,
				C2772BD41BF1DA74004EE0E6 /* yuantu.png in Resources */,
				C2772BD31BF1DA74004EE0E6 /* tui1.png in Resources */,
				C2772BC81BF1DA6C004EE0E6 /* jian.jpg in Resources */,
				C2772BD21BF1DA74004EE0E6 /* tu3.png in Resources */,
				C26C98241BF1ECA700E70CE4 /* YC.Storyboard in Resources */,
				C2772BC91BF1DA6C004EE0E6 /* jian3.jpg in Resources */,
				1883D9D31BF4B42E0002FF2F /* lvpng.png in Resources */,
				1883D9D41BF4B42E0002FF2F /* hongpng.png in Resources */,
				C2772BC21BF17E1D004EE0E6 /* mohu.png in Resources */,
				182833D41BF22CCC0034DB33 /* InfoViewController.xib in Resources */,
				1883D9911BF423AD0002FF2F /* heihei.jpg in Resources */,
				C26C98101BF1EC5D00E70CE4 /* FirstCell.xib in Resources */,
				C26C98141BF1EC5D00E70CE4 /* FourCell.xib in Resources */,
				1883D9D51BF4B42E0002FF2F /* lan2png.png in Resources */,
				C26C981E1BF1EC7600E70CE4 /* weather.jpg in Resources */,
				C29D3FFE1BF0E40B00CABAF9 /* NIU.storyboard in Resources */,
				C26C982C1BF219D400E70CE4 /* 111.jpg in Resources */,
				C26C98121BF1EC5D00E70CE4 /* SecondCell.xib in Resources */,
				C2772BCB1BF1DA6C004EE0E6 /* tu.jpg in Resources */,
				C26C98191BF1EC6E00E70CE4 /* Weather_Json.txt in Resources */,
				1883D9CD1BF4AC790002FF2F /* HSDatePickerViewController.xib in Resources */,
				1883D9D21BF4B42E0002FF2F /* lanpng.png in Resources */,
				C26CF8651BF05CD8006E1D5E /* Assets.xcassets in Resources */,
				C2772BCA1BF1DA6C004EE0E6 /* jiang4.jpg in Resources */,
				C26CF8631BF05CD8006E1D5E /* Main.storyboard in Resources */,
			);
			runOnlyForDeploymentPostprocessing = 0;
		};
/* End PBXResourcesBuildPhase section */

/* Begin PBXSourcesBuildPhase section */
		C26CF8511BF05CD8006E1D5E /* Sources */ = {
			isa = PBXSourcesBuildPhase;
			buildActionMask = 2147483647;
			files = (
				1828348D1BF347F70034DB33 /* CYDatetime.m in Sources */,
				C26CF8601BF05CD8006E1D5E /* ViewController.m in Sources */,
				C26CF8801BF05DC8006E1D5E /* WeatherViewController.m in Sources */,
				18B9989B1BF08C9E006B3FBB /* SelectDateController.m in Sources */,
				C26C98111BF1EC5D00E70CE4 /* SecondCell.m in Sources */,
				C26C98131BF1EC5D00E70CE4 /* FourCell.m in Sources */,
				1828348F1BF347F70034DB33 /* NSDate+convenience.m in Sources */,
				18B998B01BF0D277006B3FBB /* Helper.m in Sources */,
				C2CC993F1BF0E87300246596 /* WriteDiaryViewController.m in Sources */,
				C26CF89B1BF05E82006E1D5E /* MainViewController.m in Sources */,
				C26C981D1BF1EC7600E70CE4 /* tableViewTableViewController.m in Sources */,
				C26C980F1BF1EC5D00E70CE4 /* FirstCell.m in Sources */,
				C2CC993D1BF0E87300246596 /* WaterFallFlowLayout.m in Sources */,
				182833D71BF22CE50034DB33 /* MainNavigationViewController.m in Sources */,
				1828348B1BF347F70034DB33 /* FMDatabaseQueue.m in Sources */,
				1828348E1BF347F70034DB33 /* LunarCalendar.m in Sources */,
				18B9988A1BF08225006B3FBB /* ScheduleCell.m in Sources */,
				1883D9CC1BF4AC790002FF2F /* HSDatePickerViewController.m in Sources */,
				1828348A1BF347F70034DB33 /* FMDatabasePool.m in Sources */,
				18B998AA1BF093C5006B3FBB /* ScheduleInfoView.m in Sources */,
				1828349C1BF368B80034DB33 /* AddScheduleTableController.m in Sources */,
				182834941BF347F70034DB33 /* CalendarController.m in Sources */,
				C26CF8831BF05DDB006E1D5E /* ScheduleViewController.m in Sources */,
				182834921BF347F70034DB33 /* UIView+convenience.m in Sources */,
				C26C98221BF1EC8E00E70CE4 /* DataHelper.m in Sources */,
				C26CF8981BF05E79006E1D5E /* BirthdayViewController.m in Sources */,
				C26C982A1BF20E4B00E70CE4 /* ViewImg1.m in Sources */,
				C2CC993E1BF0E87300246596 /* WaterFallUICollectionViewCell.m in Sources */,
				182834891BF347F70034DB33 /* FMDatabaseAdditions.m in Sources */,
				C26C98181BF1EC6E00E70CE4 /* Weather.m in Sources */,
				18B998AD1BF0D176006B3FBB /* Schedule.m in Sources */,
				1828348C1BF347F70034DB33 /* FMResultSet.m in Sources */,
				182834911BF347F70034DB33 /* UIColor+expanded.m in Sources */,
				182834881BF347F70034DB33 /* FMDatabase.m in Sources */,
				1828349F1BF36C1E0034DB33 /* AddScheduleView.m in Sources */,
				182834901BF347F70034DB33 /* NSMutableArray+convenience.m in Sources */,
				18B998821BF07574006B3FBB /* ScheduleView.m in Sources */,
				C26CF85D1BF05CD8006E1D5E /* AppDelegate.m in Sources */,
				182833C81BF229870034DB33 /* ListTableViewController.m in Sources */,
				1883D9961BF472350002FF2F /* AddBirthViewController.m in Sources */,
				C26CF85A1BF05CD8006E1D5E /* main.m in Sources */,
				18B998A11BF08D68006B3FBB /* SelectDateView.m in Sources */,
				C26CF8891BF05E1A006E1D5E /* DailyViewController.m in Sources */,
				182833D31BF22CCC0034DB33 /* InfoViewController.m in Sources */,
				182834931BF347F70034DB33 /* VRGCalendarView.m in Sources */,
				C26CF88C1BF05E24006E1D5E /* QRViewController.m in Sources */,
				C26CF88F1BF05E44006E1D5E /* LookDiaryViewController.m in Sources */,
				18B998A41BF09357006B3FBB /* ScheduleInfoController.m in Sources */,
				C2CC99401BF0E87300246596 /* WriteViewController.m in Sources */,
				182834DD1BF3A5110034DB33 /* BirthdayViewCell.m in Sources */,
			);
			runOnlyForDeploymentPostprocessing = 0;
		};
/* End PBXSourcesBuildPhase section */

/* Begin PBXVariantGroup section */
		C26CF8611BF05CD8006E1D5E /* Main.storyboard */ = {
			isa = PBXVariantGroup;
			children = (
				C26CF8621BF05CD8006E1D5E /* Base */,
			);
			name = Main.storyboard;
			path = ../..;
			sourceTree = "<group>";
		};
		C26CF8661BF05CD8006E1D5E /* LaunchScreen.storyboard */ = {
			isa = PBXVariantGroup;
			children = (
				C26CF8671BF05CD8006E1D5E /* Base */,
			);
			name = LaunchScreen.storyboard;
			sourceTree = "<group>";
		};
/* End PBXVariantGroup section */

/* Begin XCBuildConfiguration section */
		C26CF86A1BF05CD8006E1D5E /* Debug */ = {
			isa = XCBuildConfiguration;
			buildSettings = {
				ALWAYS_SEARCH_USER_PATHS = NO;
				CLANG_CXX_LANGUAGE_STANDARD = "gnu++0x";
				CLANG_CXX_LIBRARY = "libc++";
				CLANG_ENABLE_MODULES = YES;
				CLANG_ENABLE_OBJC_ARC = YES;
				CLANG_WARN_BOOL_CONVERSION = YES;
				CLANG_WARN_CONSTANT_CONVERSION = YES;
				CLANG_WARN_DIRECT_OBJC_ISA_USAGE = YES_ERROR;
				CLANG_WARN_EMPTY_BODY = YES;
				CLANG_WARN_ENUM_CONVERSION = YES;
				CLANG_WARN_INT_CONVERSION = YES;
				CLANG_WARN_OBJC_ROOT_CLASS = YES_ERROR;
				CLANG_WARN_UNREACHABLE_CODE = YES;
				CLANG_WARN__DUPLICATE_METHOD_MATCH = YES;
				"CODE_SIGN_IDENTITY[sdk=iphoneos*]" = "iPhone Developer";
				COPY_PHASE_STRIP = NO;
				DEBUG_INFORMATION_FORMAT = dwarf;
				ENABLE_STRICT_OBJC_MSGSEND = YES;
				ENABLE_TESTABILITY = YES;
				GCC_C_LANGUAGE_STANDARD = gnu99;
				GCC_DYNAMIC_NO_PIC = NO;
				GCC_NO_COMMON_BLOCKS = YES;
				GCC_OPTIMIZATION_LEVEL = 0;
				GCC_PREPROCESSOR_DEFINITIONS = (
					"DEBUG=1",
					"$(inherited)",
				);
				GCC_WARN_64_TO_32_BIT_CONVERSION = YES;
				GCC_WARN_ABOUT_RETURN_TYPE = YES_ERROR;
				GCC_WARN_UNDECLARED_SELECTOR = YES;
				GCC_WARN_UNINITIALIZED_AUTOS = YES_AGGRESSIVE;
				GCC_WARN_UNUSED_FUNCTION = YES;
				GCC_WARN_UNUSED_VARIABLE = YES;
				IPHONEOS_DEPLOYMENT_TARGET = 9.0;
				MTL_ENABLE_DEBUG_INFO = YES;
				ONLY_ACTIVE_ARCH = YES;
				SDKROOT = iphoneos;
				TARGETED_DEVICE_FAMILY = "1,2";
			};
			name = Debug;
		};
		C26CF86B1BF05CD8006E1D5E /* Release */ = {
			isa = XCBuildConfiguration;
			buildSettings = {
				ALWAYS_SEARCH_USER_PATHS = NO;
				CLANG_CXX_LANGUAGE_STANDARD = "gnu++0x";
				CLANG_CXX_LIBRARY = "libc++";
				CLANG_ENABLE_MODULES = YES;
				CLANG_ENABLE_OBJC_ARC = YES;
				CLANG_WARN_BOOL_CONVERSION = YES;
				CLANG_WARN_CONSTANT_CONVERSION = YES;
				CLANG_WARN_DIRECT_OBJC_ISA_USAGE = YES_ERROR;
				CLANG_WARN_EMPTY_BODY = YES;
				CLANG_WARN_ENUM_CONVERSION = YES;
				CLANG_WARN_INT_CONVERSION = YES;
				CLANG_WARN_OBJC_ROOT_CLASS = YES_ERROR;
				CLANG_WARN_UNREACHABLE_CODE = YES;
				CLANG_WARN__DUPLICATE_METHOD_MATCH = YES;
				"CODE_SIGN_IDENTITY[sdk=iphoneos*]" = "iPhone Developer";
				COPY_PHASE_STRIP = NO;
				DEBUG_INFORMATION_FORMAT = "dwarf-with-dsym";
				ENABLE_NS_ASSERTIONS = NO;
				ENABLE_STRICT_OBJC_MSGSEND = YES;
				GCC_C_LANGUAGE_STANDARD = gnu99;
				GCC_NO_COMMON_BLOCKS = YES;
				GCC_WARN_64_TO_32_BIT_CONVERSION = YES;
				GCC_WARN_ABOUT_RETURN_TYPE = YES_ERROR;
				GCC_WARN_UNDECLARED_SELECTOR = YES;
				GCC_WARN_UNINITIALIZED_AUTOS = YES_AGGRESSIVE;
				GCC_WARN_UNUSED_FUNCTION = YES;
				GCC_WARN_UNUSED_VARIABLE = YES;
				IPHONEOS_DEPLOYMENT_TARGET = 9.0;
				MTL_ENABLE_DEBUG_INFO = NO;
				SDKROOT = iphoneos;
				TARGETED_DEVICE_FAMILY = "1,2";
				VALIDATE_PRODUCT = YES;
			};
			name = Release;
		};
		C26CF86D1BF05CD8006E1D5E /* Debug */ = {
			isa = XCBuildConfiguration;
			buildSettings = {
				ASSETCATALOG_COMPILER_APPICON_NAME = AppIcon;
				CODE_SIGN_IDENTITY = "iPhone Developer";
				GCC_PREFIX_HEADER = /Users/apple/Desktop/Team/team/team.xcodeproj/team/team/xinqing/Header/PrefixHeader.pch;
				INFOPLIST_FILE = team/Info.plist;
				IPHONEOS_DEPLOYMENT_TARGET = 9.0;
				LD_RUNPATH_SEARCH_PATHS = "$(inherited) @executable_path/Frameworks";
				PRODUCT_BUNDLE_IDENTIFIER = niuhailei.team;
				PRODUCT_NAME = "$(TARGET_NAME)";
			};
			name = Debug;
		};
		C26CF86E1BF05CD8006E1D5E /* Release */ = {
			isa = XCBuildConfiguration;
			buildSettings = {
				ASSETCATALOG_COMPILER_APPICON_NAME = AppIcon;
				CODE_SIGN_IDENTITY = "iPhone Developer";
				GCC_PREFIX_HEADER = /Users/apple/Desktop/Team/team/team.xcodeproj/team/team/xinqing/Header/PrefixHeader.pch;
				INFOPLIST_FILE = team/Info.plist;
				IPHONEOS_DEPLOYMENT_TARGET = 9.0;
				LD_RUNPATH_SEARCH_PATHS = "$(inherited) @executable_path/Frameworks";
				PRODUCT_BUNDLE_IDENTIFIER = niuhailei.team;
				PRODUCT_NAME = "$(TARGET_NAME)";
			};
			name = Release;
		};
/* End XCBuildConfiguration section */

/* Begin XCConfigurationList section */
		C26CF8501BF05CD8006E1D5E /* Build configuration list for PBXProject "team" */ = {
			isa = XCConfigurationList;
			buildConfigurations = (
				C26CF86A1BF05CD8006E1D5E /* Debug */,
				C26CF86B1BF05CD8006E1D5E /* Release */,
			);
			defaultConfigurationIsVisible = 0;
			defaultConfigurationName = Release;
		};
		C26CF86C1BF05CD8006E1D5E /* Build configuration list for PBXNativeTarget "team" */ = {
			isa = XCConfigurationList;
			buildConfigurations = (
				C26CF86D1BF05CD8006E1D5E /* Debug */,
				C26CF86E1BF05CD8006E1D5E /* Release */,
			);
			defaultConfigurationIsVisible = 0;
			defaultConfigurationName = Release;
		};
/* End XCConfigurationList section */
	};
	rootObject = C26CF84D1BF05CD8006E1D5E /* Project object */;
}
