// !$*UTF8*$!
{
	archiveVersion = 1;
	classes = {
	};
	objectVersion = 46;
	objects = {

/* Begin PBXBuildFile section */
		18B998821BF07574006B3FBB /* ScheduleView.m in Sources */ = {isa = PBXBuildFile; fileRef = 18B998811BF07574006B3FBB /* ScheduleView.m */; settings = {ASSET_TAGS = (); }; };
		18B9988A1BF08225006B3FBB /* ScheduleCell.m in Sources */ = {isa = PBXBuildFile; fileRef = 18B998891BF08225006B3FBB /* ScheduleCell.m */; settings = {ASSET_TAGS = (); }; };
		18B9989B1BF08C9E006B3FBB /* SelectDateController.m in Sources */ = {isa = PBXBuildFile; fileRef = 18B9989A1BF08C9E006B3FBB /* SelectDateController.m */; settings = {ASSET_TAGS = (); }; };
		18B998A11BF08D68006B3FBB /* SelectDateView.m in Sources */ = {isa = PBXBuildFile; fileRef = 18B998A01BF08D68006B3FBB /* SelectDateView.m */; settings = {ASSET_TAGS = (); }; };
		18B998A41BF09357006B3FBB /* ScheduleInfoController.m in Sources */ = {isa = PBXBuildFile; fileRef = 18B998A31BF09357006B3FBB /* ScheduleInfoController.m */; settings = {ASSET_TAGS = (); }; };
		18B998AA1BF093C5006B3FBB /* ScheduleInfoView.m in Sources */ = {isa = PBXBuildFile; fileRef = 18B998A91BF093C5006B3FBB /* ScheduleInfoView.m */; settings = {ASSET_TAGS = (); }; };
		18B998AD1BF0D176006B3FBB /* Schedule.m in Sources */ = {isa = PBXBuildFile; fileRef = 18B998AC1BF0D175006B3FBB /* Schedule.m */; settings = {ASSET_TAGS = (); }; };
		18B998B01BF0D277006B3FBB /* Helper.m in Sources */ = {isa = PBXBuildFile; fileRef = 18B998AF1BF0D277006B3FBB /* Helper.m */; settings = {ASSET_TAGS = (); }; };
		C26CF85A1BF05CD8006E1D5E /* main.m in Sources */ = {isa = PBXBuildFile; fileRef = C26CF8591BF05CD8006E1D5E /* main.m */; };
		C26CF85D1BF05CD8006E1D5E /* AppDelegate.m in Sources */ = {isa = PBXBuildFile; fileRef = C26CF85C1BF05CD8006E1D5E /* AppDelegate.m */; };
		C26CF8601BF05CD8006E1D5E /* ViewController.m in Sources */ = {isa = PBXBuildFile; fileRef = C26CF85F1BF05CD8006E1D5E /* ViewController.m */; };
		C26CF8631BF05CD8006E1D5E /* Main.storyboard in Resources */ = {isa = PBXBuildFile; fileRef = C26CF8611BF05CD8006E1D5E /* Main.storyboard */; };
		C26CF8651BF05CD8006E1D5E /* Assets.xcassets in Resources */ = {isa = PBXBuildFile; fileRef = C26CF8641BF05CD8006E1D5E /* Assets.xcassets */; };
		C26CF8681BF05CD8006E1D5E /* LaunchScreen.storyboard in Resources */ = {isa = PBXBuildFile; fileRef = C26CF8661BF05CD8006E1D5E /* LaunchScreen.storyboard */; };
		C26CF8801BF05DC8006E1D5E /* WeatherViewController.m in Sources */ = {isa = PBXBuildFile; fileRef = C26CF87F1BF05DC8006E1D5E /* WeatherViewController.m */; settings = {ASSET_TAGS = (); }; };
		C26CF8831BF05DDB006E1D5E /* ScheduleViewController.m in Sources */ = {isa = PBXBuildFile; fileRef = C26CF8821BF05DDB006E1D5E /* ScheduleViewController.m */; settings = {ASSET_TAGS = (); }; };
		C26CF8861BF05DFB006E1D5E /* StarViewController.m in Sources */ = {isa = PBXBuildFile; fileRef = C26CF8851BF05DFB006E1D5E /* StarViewController.m */; settings = {ASSET_TAGS = (); }; };
		C26CF8891BF05E1A006E1D5E /* DailyViewController.m in Sources */ = {isa = PBXBuildFile; fileRef = C26CF8881BF05E1A006E1D5E /* DailyViewController.m */; settings = {ASSET_TAGS = (); }; };
		C26CF88C1BF05E24006E1D5E /* QRViewController.m in Sources */ = {isa = PBXBuildFile; fileRef = C26CF88B1BF05E24006E1D5E /* QRViewController.m */; settings = {ASSET_TAGS = (); }; };
		C26CF88F1BF05E44006E1D5E /* LookDiaryViewController.m in Sources */ = {isa = PBXBuildFile; fileRef = C26CF88E1BF05E44006E1D5E /* LookDiaryViewController.m */; settings = {ASSET_TAGS = (); }; };
		C26CF8951BF05E6A006E1D5E /* CalendarViewController.m in Sources */ = {isa = PBXBuildFile; fileRef = C26CF8941BF05E6A006E1D5E /* CalendarViewController.m */; settings = {ASSET_TAGS = (); }; };
		C26CF8981BF05E79006E1D5E /* BirthdayViewController.m in Sources */ = {isa = PBXBuildFile; fileRef = C26CF8971BF05E79006E1D5E /* BirthdayViewController.m */; settings = {ASSET_TAGS = (); }; };
		C26CF89B1BF05E82006E1D5E /* MainViewController.m in Sources */ = {isa = PBXBuildFile; fileRef = C26CF89A1BF05E82006E1D5E /* MainViewController.m */; settings = {ASSET_TAGS = (); }; };
		C29D3FFE1BF0E40B00CABAF9 /* NIU.storyboard in Resources */ = {isa = PBXBuildFile; fileRef = C29D3FFD1BF0E40B00CABAF9 /* NIU.storyboard */; settings = {ASSET_TAGS = (); }; };
		C29D40091BF0E58E00CABAF9 /* WaterFallFlowLayout.m in Sources */ = {isa = PBXBuildFile; fileRef = C29D40011BF0E58E00CABAF9 /* WaterFallFlowLayout.m */; settings = {ASSET_TAGS = (); }; };
		C29D400A1BF0E58E00CABAF9 /* WaterFallUICollectionViewCell.m in Sources */ = {isa = PBXBuildFile; fileRef = C29D40031BF0E58E00CABAF9 /* WaterFallUICollectionViewCell.m */; settings = {ASSET_TAGS = (); }; };
		C29D400B1BF0E58E00CABAF9 /* WriteDiaryViewController.m in Sources */ = {isa = PBXBuildFile; fileRef = C29D40051BF0E58E00CABAF9 /* WriteDiaryViewController.m */; settings = {ASSET_TAGS = (); }; };
		C29D400C1BF0E58E00CABAF9 /* WriteViewController.m in Sources */ = {isa = PBXBuildFile; fileRef = C29D40071BF0E58E00CABAF9 /* WriteViewController.m */; settings = {ASSET_TAGS = (); }; };
		C29D400D1BF0E58E00CABAF9 /* xin.jpg in Resources */ = {isa = PBXBuildFile; fileRef = C29D40081BF0E58E00CABAF9 /* xin.jpg */; settings = {ASSET_TAGS = (); }; };
/* End PBXBuildFile section */

/* Begin PBXFileReference section */
		18B998801BF07574006B3FBB /* ScheduleView.h */ = {isa = PBXFileReference; fileEncoding = 4; lastKnownFileType = sourcecode.c.h; path = ScheduleView.h; sourceTree = "<group>"; };
		18B998811BF07574006B3FBB /* ScheduleView.m */ = {isa = PBXFileReference; fileEncoding = 4; lastKnownFileType = sourcecode.c.objc; path = ScheduleView.m; sourceTree = "<group>"; };
		18B998841BF0769E006B3FBB /* PrefixHeader.pch */ = {isa = PBXFileReference; fileEncoding = 4; lastKnownFileType = sourcecode.c.h; path = PrefixHeader.pch; sourceTree = "<group>"; };
		18B998881BF08225006B3FBB /* ScheduleCell.h */ = {isa = PBXFileReference; fileEncoding = 4; lastKnownFileType = sourcecode.c.h; path = ScheduleCell.h; sourceTree = "<group>"; };
		18B998891BF08225006B3FBB /* ScheduleCell.m */ = {isa = PBXFileReference; fileEncoding = 4; lastKnownFileType = sourcecode.c.objc; path = ScheduleCell.m; sourceTree = "<group>"; };
		18B9988C1BF086F3006B3FBB /* Hong.h */ = {isa = PBXFileReference; lastKnownFileType = sourcecode.c.h; path = Hong.h; sourceTree = "<group>"; };
		18B998991BF08C9E006B3FBB /* SelectDateController.h */ = {isa = PBXFileReference; fileEncoding = 4; lastKnownFileType = sourcecode.c.h; path = SelectDateController.h; sourceTree = "<group>"; };
		18B9989A1BF08C9E006B3FBB /* SelectDateController.m */ = {isa = PBXFileReference; fileEncoding = 4; lastKnownFileType = sourcecode.c.objc; path = SelectDateController.m; sourceTree = "<group>"; };
		18B9989F1BF08D68006B3FBB /* SelectDateView.h */ = {isa = PBXFileReference; fileEncoding = 4; lastKnownFileType = sourcecode.c.h; path = SelectDateView.h; sourceTree = "<group>"; };
		18B998A01BF08D68006B3FBB /* SelectDateView.m */ = {isa = PBXFileReference; fileEncoding = 4; lastKnownFileType = sourcecode.c.objc; path = SelectDateView.m; sourceTree = "<group>"; };
		18B998A21BF09357006B3FBB /* ScheduleInfoController.h */ = {isa = PBXFileReference; fileEncoding = 4; lastKnownFileType = sourcecode.c.h; path = ScheduleInfoController.h; sourceTree = "<group>"; };
		18B998A31BF09357006B3FBB /* ScheduleInfoController.m */ = {isa = PBXFileReference; fileEncoding = 4; lastKnownFileType = sourcecode.c.objc; path = ScheduleInfoController.m; sourceTree = "<group>"; };
		18B998A81BF093C5006B3FBB /* ScheduleInfoView.h */ = {isa = PBXFileReference; fileEncoding = 4; lastKnownFileType = sourcecode.c.h; path = ScheduleInfoView.h; sourceTree = "<group>"; };
		18B998A91BF093C5006B3FBB /* ScheduleInfoView.m */ = {isa = PBXFileReference; fileEncoding = 4; lastKnownFileType = sourcecode.c.objc; path = ScheduleInfoView.m; sourceTree = "<group>"; };
		18B998AB1BF0D175006B3FBB /* Schedule.h */ = {isa = PBXFileReference; fileEncoding = 4; lastKnownFileType = sourcecode.c.h; path = Schedule.h; sourceTree = "<group>"; };
		18B998AC1BF0D175006B3FBB /* Schedule.m */ = {isa = PBXFileReference; fileEncoding = 4; lastKnownFileType = sourcecode.c.objc; path = Schedule.m; sourceTree = "<group>"; };
		18B998AE1BF0D277006B3FBB /* Helper.h */ = {isa = PBXFileReference; fileEncoding = 4; lastKnownFileType = sourcecode.c.h; path = Helper.h; sourceTree = "<group>"; };
		18B998AF1BF0D277006B3FBB /* Helper.m */ = {isa = PBXFileReference; fileEncoding = 4; lastKnownFileType = sourcecode.c.objc; path = Helper.m; sourceTree = "<group>"; };
		C26CF8551BF05CD8006E1D5E /* team.app */ = {isa = PBXFileReference; explicitFileType = wrapper.application; includeInIndex = 0; path = team.app; sourceTree = BUILT_PRODUCTS_DIR; };
		C26CF8591BF05CD8006E1D5E /* main.m */ = {isa = PBXFileReference; lastKnownFileType = sourcecode.c.objc; path = main.m; sourceTree = "<group>"; };
		C26CF85B1BF05CD8006E1D5E /* AppDelegate.h */ = {isa = PBXFileReference; lastKnownFileType = sourcecode.c.h; path = AppDelegate.h; sourceTree = "<group>"; };
		C26CF85C1BF05CD8006E1D5E /* AppDelegate.m */ = {isa = PBXFileReference; lastKnownFileType = sourcecode.c.objc; path = AppDelegate.m; sourceTree = "<group>"; };
		C26CF85E1BF05CD8006E1D5E /* ViewController.h */ = {isa = PBXFileReference; lastKnownFileType = sourcecode.c.h; path = ViewController.h; sourceTree = "<group>"; };
		C26CF85F1BF05CD8006E1D5E /* ViewController.m */ = {isa = PBXFileReference; lastKnownFileType = sourcecode.c.objc; path = ViewController.m; sourceTree = "<group>"; };
		C26CF8621BF05CD8006E1D5E /* Base */ = {isa = PBXFileReference; lastKnownFileType = file.storyboard; name = Base; path = Base.lproj/Main.storyboard; sourceTree = "<group>"; };
		C26CF8641BF05CD8006E1D5E /* Assets.xcassets */ = {isa = PBXFileReference; lastKnownFileType = folder.assetcatalog; path = Assets.xcassets; sourceTree = "<group>"; };
		C26CF8671BF05CD8006E1D5E /* Base */ = {isa = PBXFileReference; lastKnownFileType = file.storyboard; name = Base; path = Base.lproj/LaunchScreen.storyboard; sourceTree = "<group>"; };
		C26CF8691BF05CD8006E1D5E /* Info.plist */ = {isa = PBXFileReference; lastKnownFileType = text.plist.xml; path = Info.plist; sourceTree = "<group>"; };
		C26CF87E1BF05DC8006E1D5E /* WeatherViewController.h */ = {isa = PBXFileReference; fileEncoding = 4; lastKnownFileType = sourcecode.c.h; path = WeatherViewController.h; sourceTree = "<group>"; };
		C26CF87F1BF05DC8006E1D5E /* WeatherViewController.m */ = {isa = PBXFileReference; fileEncoding = 4; lastKnownFileType = sourcecode.c.objc; path = WeatherViewController.m; sourceTree = "<group>"; };
		C26CF8811BF05DDB006E1D5E /* ScheduleViewController.h */ = {isa = PBXFileReference; fileEncoding = 4; lastKnownFileType = sourcecode.c.h; path = ScheduleViewController.h; sourceTree = "<group>"; };
		C26CF8821BF05DDB006E1D5E /* ScheduleViewController.m */ = {isa = PBXFileReference; fileEncoding = 4; lastKnownFileType = sourcecode.c.objc; path = ScheduleViewController.m; sourceTree = "<group>"; };
		C26CF8841BF05DFB006E1D5E /* StarViewController.h */ = {isa = PBXFileReference; fileEncoding = 4; lastKnownFileType = sourcecode.c.h; path = StarViewController.h; sourceTree = "<group>"; };
		C26CF8851BF05DFB006E1D5E /* StarViewController.m */ = {isa = PBXFileReference; fileEncoding = 4; lastKnownFileType = sourcecode.c.objc; path = StarViewController.m; sourceTree = "<group>"; };
		C26CF8871BF05E1A006E1D5E /* DailyViewController.h */ = {isa = PBXFileReference; fileEncoding = 4; lastKnownFileType = sourcecode.c.h; path = DailyViewController.h; sourceTree = "<group>"; };
		C26CF8881BF05E1A006E1D5E /* DailyViewController.m */ = {isa = PBXFileReference; fileEncoding = 4; lastKnownFileType = sourcecode.c.objc; path = DailyViewController.m; sourceTree = "<group>"; };
		C26CF88A1BF05E24006E1D5E /* QRViewController.h */ = {isa = PBXFileReference; fileEncoding = 4; lastKnownFileType = sourcecode.c.h; path = QRViewController.h; sourceTree = "<group>"; };
		C26CF88B1BF05E24006E1D5E /* QRViewController.m */ = {isa = PBXFileReference; fileEncoding = 4; lastKnownFileType = sourcecode.c.objc; path = QRViewController.m; sourceTree = "<group>"; };
		C26CF88D1BF05E44006E1D5E /* LookDiaryViewController.h */ = {isa = PBXFileReference; fileEncoding = 4; lastKnownFileType = sourcecode.c.h; path = LookDiaryViewController.h; sourceTree = "<group>"; };
		C26CF88E1BF05E44006E1D5E /* LookDiaryViewController.m */ = {isa = PBXFileReference; fileEncoding = 4; lastKnownFileType = sourcecode.c.objc; path = LookDiaryViewController.m; sourceTree = "<group>"; };
		C26CF8931BF05E6A006E1D5E /* CalendarViewController.h */ = {isa = PBXFileReference; fileEncoding = 4; lastKnownFileType = sourcecode.c.h; path = CalendarViewController.h; sourceTree = "<group>"; };
		C26CF8941BF05E6A006E1D5E /* CalendarViewController.m */ = {isa = PBXFileReference; fileEncoding = 4; lastKnownFileType = sourcecode.c.objc; path = CalendarViewController.m; sourceTree = "<group>"; };
		C26CF8961BF05E79006E1D5E /* BirthdayViewController.h */ = {isa = PBXFileReference; fileEncoding = 4; lastKnownFileType = sourcecode.c.h; path = BirthdayViewController.h; sourceTree = "<group>"; };
		C26CF8971BF05E79006E1D5E /* BirthdayViewController.m */ = {isa = PBXFileReference; fileEncoding = 4; lastKnownFileType = sourcecode.c.objc; path = BirthdayViewController.m; sourceTree = "<group>"; };
		C26CF8991BF05E82006E1D5E /* MainViewController.h */ = {isa = PBXFileReference; fileEncoding = 4; lastKnownFileType = sourcecode.c.h; path = MainViewController.h; sourceTree = "<group>"; };
		C26CF89A1BF05E82006E1D5E /* MainViewController.m */ = {isa = PBXFileReference; fileEncoding = 4; lastKnownFileType = sourcecode.c.objc; path = MainViewController.m; sourceTree = "<group>"; };
		C29D3FFD1BF0E40B00CABAF9 /* NIU.storyboard */ = {isa = PBXFileReference; fileEncoding = 4; lastKnownFileType = file.storyboard; path = NIU.storyboard; sourceTree = "<group>"; };
		C29D40001BF0E58E00CABAF9 /* WaterFallFlowLayout.h */ = {isa = PBXFileReference; fileEncoding = 4; lastKnownFileType = sourcecode.c.h; path = WaterFallFlowLayout.h; sourceTree = "<group>"; };
		C29D40011BF0E58E00CABAF9 /* WaterFallFlowLayout.m */ = {isa = PBXFileReference; fileEncoding = 4; lastKnownFileType = sourcecode.c.objc; path = WaterFallFlowLayout.m; sourceTree = "<group>"; };
		C29D40021BF0E58E00CABAF9 /* WaterFallUICollectionViewCell.h */ = {isa = PBXFileReference; fileEncoding = 4; lastKnownFileType = sourcecode.c.h; path = WaterFallUICollectionViewCell.h; sourceTree = "<group>"; };
		C29D40031BF0E58E00CABAF9 /* WaterFallUICollectionViewCell.m */ = {isa = PBXFileReference; fileEncoding = 4; lastKnownFileType = sourcecode.c.objc; path = WaterFallUICollectionViewCell.m; sourceTree = "<group>"; };
		C29D40041BF0E58E00CABAF9 /* WriteDiaryViewController.h */ = {isa = PBXFileReference; fileEncoding = 4; lastKnownFileType = sourcecode.c.h; path = WriteDiaryViewController.h; sourceTree = "<group>"; };
		C29D40051BF0E58E00CABAF9 /* WriteDiaryViewController.m */ = {isa = PBXFileReference; fileEncoding = 4; lastKnownFileType = sourcecode.c.objc; path = WriteDiaryViewController.m; sourceTree = "<group>"; };
		C29D40061BF0E58E00CABAF9 /* WriteViewController.h */ = {isa = PBXFileReference; fileEncoding = 4; lastKnownFileType = sourcecode.c.h; path = WriteViewController.h; sourceTree = "<group>"; };
		C29D40071BF0E58E00CABAF9 /* WriteViewController.m */ = {isa = PBXFileReference; fileEncoding = 4; lastKnownFileType = sourcecode.c.objc; path = WriteViewController.m; sourceTree = "<group>"; };
		C29D40081BF0E58E00CABAF9 /* xin.jpg */ = {isa = PBXFileReference; lastKnownFileType = image.jpeg; path = xin.jpg; sourceTree = "<group>"; };
/* End PBXFileReference section */

/* Begin PBXFrameworksBuildPhase section */
		C26CF8521BF05CD8006E1D5E /* Frameworks */ = {
			isa = PBXFrameworksBuildPhase;
			buildActionMask = 2147483647;
			files = (
			);
			runOnlyForDeploymentPostprocessing = 0;
		};
/* End PBXFrameworksBuildPhase section */

/* Begin PBXGroup section */
		18B998831BF0769E006B3FBB /* Header */ = {
			isa = PBXGroup;
			children = (
				18B998841BF0769E006B3FBB /* PrefixHeader.pch */,
				18B9988C1BF086F3006B3FBB /* Hong.h */,
			);
			name = Header;
			path = team/xinqing/Header;
			sourceTree = SOURCE_ROOT;
		};
		C26CF84C1BF05CD8006E1D5E = {
			isa = PBXGroup;
			children = (
				C26CF8571BF05CD8006E1D5E /* team */,
				C26CF8561BF05CD8006E1D5E /* Products */,
			);
			sourceTree = "<group>";
		};
		C26CF8561BF05CD8006E1D5E /* Products */ = {
			isa = PBXGroup;
			children = (
				C26CF8551BF05CD8006E1D5E /* team.app */,
			);
			name = Products;
			sourceTree = "<group>";
		};
		C26CF8571BF05CD8006E1D5E /* team */ = {
			isa = PBXGroup;
			children = (
				C26CF85B1BF05CD8006E1D5E /* AppDelegate.h */,
				C26CF85C1BF05CD8006E1D5E /* AppDelegate.m */,
				C26CF86F1BF05CE7006E1D5E /* xinqing */,
				C26CF85E1BF05CD8006E1D5E /* ViewController.h */,
				C26CF85F1BF05CD8006E1D5E /* ViewController.m */,
				C26CF8641BF05CD8006E1D5E /* Assets.xcassets */,
				C26CF8661BF05CD8006E1D5E /* LaunchScreen.storyboard */,
				C26CF8691BF05CD8006E1D5E /* Info.plist */,
				C26CF8581BF05CD8006E1D5E /* Supporting Files */,
			);
			path = team;
			sourceTree = "<group>";
		};
		C26CF8581BF05CD8006E1D5E /* Supporting Files */ = {
			isa = PBXGroup;
			children = (
				C26CF8591BF05CD8006E1D5E /* main.m */,
			);
			name = "Supporting Files";
			sourceTree = "<group>";
		};
		C26CF86F1BF05CE7006E1D5E /* xinqing */ = {
			isa = PBXGroup;
			children = (
				C26CF8761BF05CE7006E1D5E /* Macro */,
				C26CF8771BF05CE7006E1D5E /* MainViewController */,
				C26CF8701BF05CE7006E1D5E /* BirthdayReminder */,
				C26CF8711BF05CE7006E1D5E /* Calendar（日历） */,
				C26CF8721BF05CE7006E1D5E /* Diary */,
				C26CF8781BF05CE7006E1D5E /* QRCode */,
				C26CF8791BF05CE7006E1D5E /* RecommendedDaily（每日推荐） */,
				C26CF87A1BF05CE7006E1D5E /* StarTheInterface */,
				C26CF87B1BF05CE7006E1D5E /* StoryBoard */,
				C26CF87C1BF05CE7006E1D5E /* TheSchedule（日程） */,
				C26CF87D1BF05CE7006E1D5E /* Weather */,
			);
			path = xinqing;
			sourceTree = "<group>";
		};
		C26CF8701BF05CE7006E1D5E /* BirthdayReminder */ = {
			isa = PBXGroup;
			children = (
				C26CF8961BF05E79006E1D5E /* BirthdayViewController.h */,
				C26CF8971BF05E79006E1D5E /* BirthdayViewController.m */,
			);
			path = BirthdayReminder;
			sourceTree = "<group>";
		};
		C26CF8711BF05CE7006E1D5E /* Calendar（日历） */ = {
			isa = PBXGroup;
			children = (
				C26CF8931BF05E6A006E1D5E /* CalendarViewController.h */,
				C26CF8941BF05E6A006E1D5E /* CalendarViewController.m */,
			);
			path = "Calendar（日历）";
			sourceTree = "<group>";
		};
		C26CF8721BF05CE7006E1D5E /* Diary */ = {
			isa = PBXGroup;
			children = (
				C29D3FFF1BF0E58E00CABAF9 /* WriteDiary1 */,
				C26CF8731BF05CE7006E1D5E /* LookDiary */,
			);
			path = Diary;
			sourceTree = "<group>";
		};
		C26CF8731BF05CE7006E1D5E /* LookDiary */ = {
			isa = PBXGroup;
			children = (
				C26CF88D1BF05E44006E1D5E /* LookDiaryViewController.h */,
				C26CF88E1BF05E44006E1D5E /* LookDiaryViewController.m */,
			);
			path = LookDiary;
			sourceTree = "<group>";
		};
		C26CF8761BF05CE7006E1D5E /* Macro */ = {
			isa = PBXGroup;
			children = (
				18B998831BF0769E006B3FBB /* Header */,
			);
			path = Macro;
			sourceTree = "<group>";
		};
		C26CF8771BF05CE7006E1D5E /* MainViewController */ = {
			isa = PBXGroup;
			children = (
				C26CF8991BF05E82006E1D5E /* MainViewController.h */,
				C26CF89A1BF05E82006E1D5E /* MainViewController.m */,
			);
			path = MainViewController;
			sourceTree = "<group>";
		};
		C26CF8781BF05CE7006E1D5E /* QRCode */ = {
			isa = PBXGroup;
			children = (
				C26CF88A1BF05E24006E1D5E /* QRViewController.h */,
				C26CF88B1BF05E24006E1D5E /* QRViewController.m */,
			);
			path = QRCode;
			sourceTree = "<group>";
		};
		C26CF8791BF05CE7006E1D5E /* RecommendedDaily（每日推荐） */ = {
			isa = PBXGroup;
			children = (
				C26CF8871BF05E1A006E1D5E /* DailyViewController.h */,
				C26CF8881BF05E1A006E1D5E /* DailyViewController.m */,
			);
			path = "RecommendedDaily（每日推荐）";
			sourceTree = "<group>";
		};
		C26CF87A1BF05CE7006E1D5E /* StarTheInterface */ = {
			isa = PBXGroup;
			children = (
				C26CF8841BF05DFB006E1D5E /* StarViewController.h */,
				C26CF8851BF05DFB006E1D5E /* StarViewController.m */,
			);
			path = StarTheInterface;
			sourceTree = "<group>";
		};
		C26CF87B1BF05CE7006E1D5E /* StoryBoard */ = {
			isa = PBXGroup;
			children = (
				C26CF8611BF05CD8006E1D5E /* Main.storyboard */,
				C29D3FFD1BF0E40B00CABAF9 /* NIU.storyboard */,
			);
			path = StoryBoard;
			sourceTree = "<group>";
		};
		C26CF87C1BF05CE7006E1D5E /* TheSchedule（日程） */ = {
			isa = PBXGroup;
			children = (
				C26CF8811BF05DDB006E1D5E /* ScheduleViewController.h */,
				C26CF8821BF05DDB006E1D5E /* ScheduleViewController.m */,
				18B998801BF07574006B3FBB /* ScheduleView.h */,
				18B998811BF07574006B3FBB /* ScheduleView.m */,
				18B998881BF08225006B3FBB /* ScheduleCell.h */,
				18B998891BF08225006B3FBB /* ScheduleCell.m */,
				18B998991BF08C9E006B3FBB /* SelectDateController.h */,
				18B9989A1BF08C9E006B3FBB /* SelectDateController.m */,
				18B9989F1BF08D68006B3FBB /* SelectDateView.h */,
				18B998A01BF08D68006B3FBB /* SelectDateView.m */,
				18B998A21BF09357006B3FBB /* ScheduleInfoController.h */,
				18B998A31BF09357006B3FBB /* ScheduleInfoController.m */,
				18B998A81BF093C5006B3FBB /* ScheduleInfoView.h */,
				18B998A91BF093C5006B3FBB /* ScheduleInfoView.m */,
				18B998AB1BF0D175006B3FBB /* Schedule.h */,
				18B998AC1BF0D175006B3FBB /* Schedule.m */,
				18B998AE1BF0D277006B3FBB /* Helper.h */,
				18B998AF1BF0D277006B3FBB /* Helper.m */,
			);
			path = "TheSchedule（日程）";
			sourceTree = "<group>";
		};
		C26CF87D1BF05CE7006E1D5E /* Weather */ = {
			isa = PBXGroup;
			children = (
				C26CF87E1BF05DC8006E1D5E /* WeatherViewController.h */,
				C26CF87F1BF05DC8006E1D5E /* WeatherViewController.m */,
			);
			path = Weather;
			sourceTree = "<group>";
		};
		C29D3FFF1BF0E58E00CABAF9 /* WriteDiary1 */ = {
			isa = PBXGroup;
			children = (
				C29D40001BF0E58E00CABAF9 /* WaterFallFlowLayout.h */,
				C29D40011BF0E58E00CABAF9 /* WaterFallFlowLayout.m */,
				C29D40021BF0E58E00CABAF9 /* WaterFallUICollectionViewCell.h */,
				C29D40031BF0E58E00CABAF9 /* WaterFallUICollectionViewCell.m */,
				C29D40041BF0E58E00CABAF9 /* WriteDiaryViewController.h */,
				C29D40051BF0E58E00CABAF9 /* WriteDiaryViewController.m */,
				C29D40061BF0E58E00CABAF9 /* WriteViewController.h */,
				C29D40071BF0E58E00CABAF9 /* WriteViewController.m */,
				C29D40081BF0E58E00CABAF9 /* xin.jpg */,
			);
			path = WriteDiary1;
			sourceTree = "<group>";
		};
/* End PBXGroup section */

/* Begin PBXNativeTarget section */
		C26CF8541BF05CD8006E1D5E /* team */ = {
			isa = PBXNativeTarget;
			buildConfigurationList = C26CF86C1BF05CD8006E1D5E /* Build configuration list for PBXNativeTarget "team" */;
			buildPhases = (
				C26CF8511BF05CD8006E1D5E /* Sources */,
				C26CF8521BF05CD8006E1D5E /* Frameworks */,
				C26CF8531BF05CD8006E1D5E /* Resources */,
			);
			buildRules = (
			);
			dependencies = (
			);
			name = team;
			productName = team;
			productReference = C26CF8551BF05CD8006E1D5E /* team.app */;
			productType = "com.apple.product-type.application";
		};
/* End PBXNativeTarget section */

/* Begin PBXProject section */
		C26CF84D1BF05CD8006E1D5E /* Project object */ = {
			isa = PBXProject;
			attributes = {
				LastUpgradeCheck = 0700;
				ORGANIZATIONNAME = "钮海雷";
				TargetAttributes = {
					C26CF8541BF05CD8006E1D5E = {
						CreatedOnToolsVersion = 7.0;
					};
				};
			};
			buildConfigurationList = C26CF8501BF05CD8006E1D5E /* Build configuration list for PBXProject "team" */;
			compatibilityVersion = "Xcode 3.2";
			developmentRegion = English;
			hasScannedForEncodings = 0;
			knownRegions = (
				en,
				Base,
			);
			mainGroup = C26CF84C1BF05CD8006E1D5E;
			productRefGroup = C26CF8561BF05CD8006E1D5E /* Products */;
			projectDirPath = "";
			projectRoot = "";
			targets = (
				C26CF8541BF05CD8006E1D5E /* team */,
			);
		};
/* End PBXProject section */

/* Begin PBXResourcesBuildPhase section */
		C26CF8531BF05CD8006E1D5E /* Resources */ = {
			isa = PBXResourcesBuildPhase;
			buildActionMask = 2147483647;
			files = (
				C26CF8681BF05CD8006E1D5E /* LaunchScreen.storyboard in Resources */,
				C29D400D1BF0E58E00CABAF9 /* xin.jpg in Resources */,
				C29D3FFE1BF0E40B00CABAF9 /* NIU.storyboard in Resources */,
				C26CF8651BF05CD8006E1D5E /* Assets.xcassets in Resources */,
				C26CF8631BF05CD8006E1D5E /* Main.storyboard in Resources */,
			);
			runOnlyForDeploymentPostprocessing = 0;
		};
/* End PBXResourcesBuildPhase section */

/* Begin PBXSourcesBuildPhase section */
		C26CF8511BF05CD8006E1D5E /* Sources */ = {
			isa = PBXSourcesBuildPhase;
			buildActionMask = 2147483647;
			files = (
				C26CF8601BF05CD8006E1D5E /* ViewController.m in Sources */,
				C26CF8801BF05DC8006E1D5E /* WeatherViewController.m in Sources */,
				18B9989B1BF08C9E006B3FBB /* SelectDateController.m in Sources */,
				18B998B01BF0D277006B3FBB /* Helper.m in Sources */,
				C26CF8861BF05DFB006E1D5E /* StarViewController.m in Sources */,
				C26CF89B1BF05E82006E1D5E /* MainViewController.m in Sources */,
				18B9988A1BF08225006B3FBB /* ScheduleCell.m in Sources */,
				18B998AA1BF093C5006B3FBB /* ScheduleInfoView.m in Sources */,
				C26CF8831BF05DDB006E1D5E /* ScheduleViewController.m in Sources */,
				C29D40091BF0E58E00CABAF9 /* WaterFallFlowLayout.m in Sources */,
				C26CF8981BF05E79006E1D5E /* BirthdayViewController.m in Sources */,
				18B998AD1BF0D176006B3FBB /* Schedule.m in Sources */,
				18B998821BF07574006B3FBB /* ScheduleView.m in Sources */,
				C29D400C1BF0E58E00CABAF9 /* WriteViewController.m in Sources */,
				C26CF85D1BF05CD8006E1D5E /* AppDelegate.m in Sources */,
				C26CF85A1BF05CD8006E1D5E /* main.m in Sources */,
				C29D400B1BF0E58E00CABAF9 /* WriteDiaryViewController.m in Sources */,
				18B998A11BF08D68006B3FBB /* SelectDateView.m in Sources */,
				C26CF8891BF05E1A006E1D5E /* DailyViewController.m in Sources */,
				C26CF88C1BF05E24006E1D5E /* QRViewController.m in Sources */,
				C26CF88F1BF05E44006E1D5E /* LookDiaryViewController.m in Sources */,
				C29D400A1BF0E58E00CABAF9 /* WaterFallUICollectionViewCell.m in Sources */,
				18B998A41BF09357006B3FBB /* ScheduleInfoController.m in Sources */,
				C26CF8951BF05E6A006E1D5E /* CalendarViewController.m in Sources */,
			);
			runOnlyForDeploymentPostprocessing = 0;
		};
/* End PBXSourcesBuildPhase section */

/* Begin PBXVariantGroup section */
		C26CF8611BF05CD8006E1D5E /* Main.storyboard */ = {
			isa = PBXVariantGroup;
			children = (
				C26CF8621BF05CD8006E1D5E /* Base */,
			);
			name = Main.storyboard;
			path = ../..;
			sourceTree = "<group>";
		};
		C26CF8661BF05CD8006E1D5E /* LaunchScreen.storyboard */ = {
			isa = PBXVariantGroup;
			children = (
				C26CF8671BF05CD8006E1D5E /* Base */,
			);
			name = LaunchScreen.storyboard;
			sourceTree = "<group>";
		};
/* End PBXVariantGroup section */

/* Begin XCBuildConfiguration section */
		C26CF86A1BF05CD8006E1D5E /* Debug */ = {
			isa = XCBuildConfiguration;
			buildSettings = {
				ALWAYS_SEARCH_USER_PATHS = NO;
				CLANG_CXX_LANGUAGE_STANDARD = "gnu++0x";
				CLANG_CXX_LIBRARY = "libc++";
				CLANG_ENABLE_MODULES = YES;
				CLANG_ENABLE_OBJC_ARC = YES;
				CLANG_WARN_BOOL_CONVERSION = YES;
				CLANG_WARN_CONSTANT_CONVERSION = YES;
				CLANG_WARN_DIRECT_OBJC_ISA_USAGE = YES_ERROR;
				CLANG_WARN_EMPTY_BODY = YES;
				CLANG_WARN_ENUM_CONVERSION = YES;
				CLANG_WARN_INT_CONVERSION = YES;
				CLANG_WARN_OBJC_ROOT_CLASS = YES_ERROR;
				CLANG_WARN_UNREACHABLE_CODE = YES;
				CLANG_WARN__DUPLICATE_METHOD_MATCH = YES;
				"CODE_SIGN_IDENTITY[sdk=iphoneos*]" = "iPhone Developer";
				COPY_PHASE_STRIP = NO;
				DEBUG_INFORMATION_FORMAT = dwarf;
				ENABLE_STRICT_OBJC_MSGSEND = YES;
				ENABLE_TESTABILITY = YES;
				GCC_C_LANGUAGE_STANDARD = gnu99;
				GCC_DYNAMIC_NO_PIC = NO;
				GCC_NO_COMMON_BLOCKS = YES;
				GCC_OPTIMIZATION_LEVEL = 0;
				GCC_PREPROCESSOR_DEFINITIONS = (
					"DEBUG=1",
					"$(inherited)",
				);
				GCC_WARN_64_TO_32_BIT_CONVERSION = YES;
				GCC_WARN_ABOUT_RETURN_TYPE = YES_ERROR;
				GCC_WARN_UNDECLARED_SELECTOR = YES;
				GCC_WARN_UNINITIALIZED_AUTOS = YES_AGGRESSIVE;
				GCC_WARN_UNUSED_FUNCTION = YES;
				GCC_WARN_UNUSED_VARIABLE = YES;
				IPHONEOS_DEPLOYMENT_TARGET = 9.0;
				MTL_ENABLE_DEBUG_INFO = YES;
				ONLY_ACTIVE_ARCH = YES;
				SDKROOT = iphoneos;
				TARGETED_DEVICE_FAMILY = "1,2";
			};
			name = Debug;
		};
		C26CF86B1BF05CD8006E1D5E /* Release */ = {
			isa = XCBuildConfiguration;
			buildSettings = {
				ALWAYS_SEARCH_USER_PATHS = NO;
				CLANG_CXX_LANGUAGE_STANDARD = "gnu++0x";
				CLANG_CXX_LIBRARY = "libc++";
				CLANG_ENABLE_MODULES = YES;
				CLANG_ENABLE_OBJC_ARC = YES;
				CLANG_WARN_BOOL_CONVERSION = YES;
				CLANG_WARN_CONSTANT_CONVERSION = YES;
				CLANG_WARN_DIRECT_OBJC_ISA_USAGE = YES_ERROR;
				CLANG_WARN_EMPTY_BODY = YES;
				CLANG_WARN_ENUM_CONVERSION = YES;
				CLANG_WARN_INT_CONVERSION = YES;
				CLANG_WARN_OBJC_ROOT_CLASS = YES_ERROR;
				CLANG_WARN_UNREACHABLE_CODE = YES;
				CLANG_WARN__DUPLICATE_METHOD_MATCH = YES;
				"CODE_SIGN_IDENTITY[sdk=iphoneos*]" = "iPhone Developer";
				COPY_PHASE_STRIP = NO;
				DEBUG_INFORMATION_FORMAT = "dwarf-with-dsym";
				ENABLE_NS_ASSERTIONS = NO;
				ENABLE_STRICT_OBJC_MSGSEND = YES;
				GCC_C_LANGUAGE_STANDARD = gnu99;
				GCC_NO_COMMON_BLOCKS = YES;
				GCC_WARN_64_TO_32_BIT_CONVERSION = YES;
				GCC_WARN_ABOUT_RETURN_TYPE = YES_ERROR;
				GCC_WARN_UNDECLARED_SELECTOR = YES;
				GCC_WARN_UNINITIALIZED_AUTOS = YES_AGGRESSIVE;
				GCC_WARN_UNUSED_FUNCTION = YES;
				GCC_WARN_UNUSED_VARIABLE = YES;
				IPHONEOS_DEPLOYMENT_TARGET = 9.0;
				MTL_ENABLE_DEBUG_INFO = NO;
				SDKROOT = iphoneos;
				TARGETED_DEVICE_FAMILY = "1,2";
				VALIDATE_PRODUCT = YES;
			};
			name = Release;
		};
		C26CF86D1BF05CD8006E1D5E /* Debug */ = {
			isa = XCBuildConfiguration;
			buildSettings = {
				ASSETCATALOG_COMPILER_APPICON_NAME = AppIcon;
				GCC_PREFIX_HEADER = /Users/apple/Desktop/Team_pro/team/team/xinqing/Header/PrefixHeader.pch;
				INFOPLIST_FILE = team/Info.plist;
				LD_RUNPATH_SEARCH_PATHS = "$(inherited) @executable_path/Frameworks";
				PRODUCT_BUNDLE_IDENTIFIER = niuhailei.team;
				PRODUCT_NAME = "$(TARGET_NAME)";
			};
			name = Debug;
		};
		C26CF86E1BF05CD8006E1D5E /* Release */ = {
			isa = XCBuildConfiguration;
			buildSettings = {
				ASSETCATALOG_COMPILER_APPICON_NAME = AppIcon;
				GCC_PREFIX_HEADER = /Users/apple/Desktop/Team_pro/team/team/xinqing/Header/PrefixHeader.pch;
				INFOPLIST_FILE = team/Info.plist;
				LD_RUNPATH_SEARCH_PATHS = "$(inherited) @executable_path/Frameworks";
				PRODUCT_BUNDLE_IDENTIFIER = niuhailei.team;
				PRODUCT_NAME = "$(TARGET_NAME)";
			};
			name = Release;
		};
/* End XCBuildConfiguration section */

/* Begin XCConfigurationList section */
		C26CF8501BF05CD8006E1D5E /* Build configuration list for PBXProject "team" */ = {
			isa = XCConfigurationList;
			buildConfigurations = (
				C26CF86A1BF05CD8006E1D5E /* Debug */,
				C26CF86B1BF05CD8006E1D5E /* Release */,
			);
			defaultConfigurationIsVisible = 0;
			defaultConfigurationName = Release;
		};
		C26CF86C1BF05CD8006E1D5E /* Build configuration list for PBXNativeTarget "team" */ = {
			isa = XCConfigurationList;
			buildConfigurations = (
				C26CF86D1BF05CD8006E1D5E /* Debug */,
				C26CF86E1BF05CD8006E1D5E /* Release */,
			);
			defaultConfigurationIsVisible = 0;
			defaultConfigurationName = Release;
		};
/* End XCConfigurationList section */
	};
	rootObject = C26CF84D1BF05CD8006E1D5E /* Project object */;
}
