// !$*UTF8*$!
{
	archiveVersion = 1;
	classes = {
	};
	objectVersion = 46;
	objects = {

/* Begin PBXBuildFile section */
		C26CF85A1BF05CD8006E1D5E /* main.m in Sources */ = {isa = PBXBuildFile; fileRef = C26CF8591BF05CD8006E1D5E /* main.m */; };
		C26CF85D1BF05CD8006E1D5E /* AppDelegate.m in Sources */ = {isa = PBXBuildFile; fileRef = C26CF85C1BF05CD8006E1D5E /* AppDelegate.m */; };
		C26CF8631BF05CD8006E1D5E /* NIU.storyboard in Resources */ = {isa = PBXBuildFile; fileRef = C26CF8611BF05CD8006E1D5E /* NIU.storyboard */; };
		C26CF8651BF05CD8006E1D5E /* Assets.xcassets in Resources */ = {isa = PBXBuildFile; fileRef = C26CF8641BF05CD8006E1D5E /* Assets.xcassets */; };
		C26CF8681BF05CD8006E1D5E /* LaunchScreen.storyboard in Resources */ = {isa = PBXBuildFile; fileRef = C26CF8661BF05CD8006E1D5E /* LaunchScreen.storyboard */; };
		C26CF8801BF05DC8006E1D5E /* WeatherViewController.m in Sources */ = {isa = PBXBuildFile; fileRef = C26CF87F1BF05DC8006E1D5E /* WeatherViewController.m */; settings = {ASSET_TAGS = (); }; };
		C26CF8831BF05DDB006E1D5E /* ScheduleViewController.m in Sources */ = {isa = PBXBuildFile; fileRef = C26CF8821BF05DDB006E1D5E /* ScheduleViewController.m */; settings = {ASSET_TAGS = (); }; };
		C26CF8861BF05DFB006E1D5E /* StarViewController.m in Sources */ = {isa = PBXBuildFile; fileRef = C26CF8851BF05DFB006E1D5E /* StarViewController.m */; settings = {ASSET_TAGS = (); }; };
		C26CF8891BF05E1A006E1D5E /* DailyViewController.m in Sources */ = {isa = PBXBuildFile; fileRef = C26CF8881BF05E1A006E1D5E /* DailyViewController.m */; settings = {ASSET_TAGS = (); }; };
		C26CF88C1BF05E24006E1D5E /* QRViewController.m in Sources */ = {isa = PBXBuildFile; fileRef = C26CF88B1BF05E24006E1D5E /* QRViewController.m */; settings = {ASSET_TAGS = (); }; };
		C26CF88F1BF05E44006E1D5E /* LookDiaryViewController.m in Sources */ = {isa = PBXBuildFile; fileRef = C26CF88E1BF05E44006E1D5E /* LookDiaryViewController.m */; settings = {ASSET_TAGS = (); }; };
		C26CF8921BF05E5B006E1D5E /* WriteDiaryViewController.m in Sources */ = {isa = PBXBuildFile; fileRef = C26CF8911BF05E5B006E1D5E /* WriteDiaryViewController.m */; settings = {ASSET_TAGS = (); }; };
		C26CF8951BF05E6A006E1D5E /* CalendarViewController.m in Sources */ = {isa = PBXBuildFile; fileRef = C26CF8941BF05E6A006E1D5E /* CalendarViewController.m */; settings = {ASSET_TAGS = (); }; };
		C26CF8981BF05E79006E1D5E /* BirthdayViewController.m in Sources */ = {isa = PBXBuildFile; fileRef = C26CF8971BF05E79006E1D5E /* BirthdayViewController.m */; settings = {ASSET_TAGS = (); }; };
		C26CF89B1BF05E82006E1D5E /* MainViewController.m in Sources */ = {isa = PBXBuildFile; fileRef = C26CF89A1BF05E82006E1D5E /* MainViewController.m */; settings = {ASSET_TAGS = (); }; };
		C26CF8A71BF08C90006E1D5E /* WaterFallFlowLayout.m in Sources */ = {isa = PBXBuildFile; fileRef = C26CF8A41BF08C90006E1D5E /* WaterFallFlowLayout.m */; settings = {ASSET_TAGS = (); }; };
		C26CF8A81BF08C90006E1D5E /* WaterFallUICollectionViewCell.m in Sources */ = {isa = PBXBuildFile; fileRef = C26CF8A61BF08C90006E1D5E /* WaterFallUICollectionViewCell.m */; settings = {ASSET_TAGS = (); }; };
		C26CF8AE1BF090BF006E1D5E /* jian.jpg in Resources */ = {isa = PBXBuildFile; fileRef = C26CF8AA1BF090BF006E1D5E /* jian.jpg */; settings = {ASSET_TAGS = (); }; };
		C26CF8AF1BF090BF006E1D5E /* jian3.jpg in Resources */ = {isa = PBXBuildFile; fileRef = C26CF8AB1BF090BF006E1D5E /* jian3.jpg */; settings = {ASSET_TAGS = (); }; };
		C26CF8B01BF090BF006E1D5E /* jiang4.jpg in Resources */ = {isa = PBXBuildFile; fileRef = C26CF8AC1BF090BF006E1D5E /* jiang4.jpg */; settings = {ASSET_TAGS = (); }; };
		C26CF8B11BF090BF006E1D5E /* tu.jpg in Resources */ = {isa = PBXBuildFile; fileRef = C26CF8AD1BF090BF006E1D5E /* tu.jpg */; settings = {ASSET_TAGS = (); }; };
		C29D3FF11BF0A27300CABAF9 /* WriteViewController.m in Sources */ = {isa = PBXBuildFile; fileRef = C29D3FF01BF0A27300CABAF9 /* WriteViewController.m */; settings = {ASSET_TAGS = (); }; };
		C29D3FF71BF0A45100CABAF9 /* t3.png in Resources */ = {isa = PBXBuildFile; fileRef = C29D3FF31BF0A45100CABAF9 /* t3.png */; settings = {ASSET_TAGS = (); }; };
		C29D3FF81BF0A45100CABAF9 /* tu3.png in Resources */ = {isa = PBXBuildFile; fileRef = C29D3FF41BF0A45100CABAF9 /* tu3.png */; settings = {ASSET_TAGS = (); }; };
		C29D3FF91BF0A45100CABAF9 /* tui1.png in Resources */ = {isa = PBXBuildFile; fileRef = C29D3FF51BF0A45100CABAF9 /* tui1.png */; settings = {ASSET_TAGS = (); }; };
		C29D3FFA1BF0A45100CABAF9 /* yuantu.png in Resources */ = {isa = PBXBuildFile; fileRef = C29D3FF61BF0A45100CABAF9 /* yuantu.png */; settings = {ASSET_TAGS = (); }; };
		C29D3FFC1BF0C44E00CABAF9 /* mohu.png in Resources */ = {isa = PBXBuildFile; fileRef = C29D3FFB1BF0C44E00CABAF9 /* mohu.png */; settings = {ASSET_TAGS = (); }; };
/* End PBXBuildFile section */

/* Begin PBXFileReference section */
		C26CF8551BF05CD8006E1D5E /* team.app */ = {isa = PBXFileReference; explicitFileType = wrapper.application; includeInIndex = 0; path = team.app; sourceTree = BUILT_PRODUCTS_DIR; };
		C26CF8591BF05CD8006E1D5E /* main.m */ = {isa = PBXFileReference; lastKnownFileType = sourcecode.c.objc; path = main.m; sourceTree = "<group>"; };
		C26CF85B1BF05CD8006E1D5E /* AppDelegate.h */ = {isa = PBXFileReference; lastKnownFileType = sourcecode.c.h; path = AppDelegate.h; sourceTree = "<group>"; };
		C26CF85C1BF05CD8006E1D5E /* AppDelegate.m */ = {isa = PBXFileReference; lastKnownFileType = sourcecode.c.objc; path = AppDelegate.m; sourceTree = "<group>"; };
		C26CF8621BF05CD8006E1D5E /* Base */ = {isa = PBXFileReference; lastKnownFileType = file.storyboard; name = Base; path = Base.lproj/NIU.storyboard; sourceTree = "<group>"; };
		C26CF8641BF05CD8006E1D5E /* Assets.xcassets */ = {isa = PBXFileReference; lastKnownFileType = folder.assetcatalog; path = Assets.xcassets; sourceTree = "<group>"; };
		C26CF8671BF05CD8006E1D5E /* Base */ = {isa = PBXFileReference; lastKnownFileType = file.storyboard; name = Base; path = Base.lproj/LaunchScreen.storyboard; sourceTree = "<group>"; };
		C26CF8691BF05CD8006E1D5E /* Info.plist */ = {isa = PBXFileReference; lastKnownFileType = text.plist.xml; path = Info.plist; sourceTree = "<group>"; };
		C26CF87E1BF05DC8006E1D5E /* WeatherViewController.h */ = {isa = PBXFileReference; fileEncoding = 4; lastKnownFileType = sourcecode.c.h; path = WeatherViewController.h; sourceTree = "<group>"; };
		C26CF87F1BF05DC8006E1D5E /* WeatherViewController.m */ = {isa = PBXFileReference; fileEncoding = 4; lastKnownFileType = sourcecode.c.objc; path = WeatherViewController.m; sourceTree = "<group>"; };
		C26CF8811BF05DDB006E1D5E /* ScheduleViewController.h */ = {isa = PBXFileReference; fileEncoding = 4; lastKnownFileType = sourcecode.c.h; path = ScheduleViewController.h; sourceTree = "<group>"; };
		C26CF8821BF05DDB006E1D5E /* ScheduleViewController.m */ = {isa = PBXFileReference; fileEncoding = 4; lastKnownFileType = sourcecode.c.objc; path = ScheduleViewController.m; sourceTree = "<group>"; };
		C26CF8841BF05DFB006E1D5E /* StarViewController.h */ = {isa = PBXFileReference; fileEncoding = 4; lastKnownFileType = sourcecode.c.h; path = StarViewController.h; sourceTree = "<group>"; };
		C26CF8851BF05DFB006E1D5E /* StarViewController.m */ = {isa = PBXFileReference; fileEncoding = 4; lastKnownFileType = sourcecode.c.objc; path = StarViewController.m; sourceTree = "<group>"; };
		C26CF8871BF05E1A006E1D5E /* DailyViewController.h */ = {isa = PBXFileReference; fileEncoding = 4; lastKnownFileType = sourcecode.c.h; path = DailyViewController.h; sourceTree = "<group>"; };
		C26CF8881BF05E1A006E1D5E /* DailyViewController.m */ = {isa = PBXFileReference; fileEncoding = 4; lastKnownFileType = sourcecode.c.objc; path = DailyViewController.m; sourceTree = "<group>"; };
		C26CF88A1BF05E24006E1D5E /* QRViewController.h */ = {isa = PBXFileReference; fileEncoding = 4; lastKnownFileType = sourcecode.c.h; path = QRViewController.h; sourceTree = "<group>"; };
		C26CF88B1BF05E24006E1D5E /* QRViewController.m */ = {isa = PBXFileReference; fileEncoding = 4; lastKnownFileType = sourcecode.c.objc; path = QRViewController.m; sourceTree = "<group>"; };
		C26CF88D1BF05E44006E1D5E /* LookDiaryViewController.h */ = {isa = PBXFileReference; fileEncoding = 4; lastKnownFileType = sourcecode.c.h; path = LookDiaryViewController.h; sourceTree = "<group>"; };
		C26CF88E1BF05E44006E1D5E /* LookDiaryViewController.m */ = {isa = PBXFileReference; fileEncoding = 4; lastKnownFileType = sourcecode.c.objc; path = LookDiaryViewController.m; sourceTree = "<group>"; };
		C26CF8901BF05E5B006E1D5E /* WriteDiaryViewController.h */ = {isa = PBXFileReference; fileEncoding = 4; lastKnownFileType = sourcecode.c.h; path = WriteDiaryViewController.h; sourceTree = "<group>"; };
		C26CF8911BF05E5B006E1D5E /* WriteDiaryViewController.m */ = {isa = PBXFileReference; fileEncoding = 4; lastKnownFileType = sourcecode.c.objc; path = WriteDiaryViewController.m; sourceTree = "<group>"; };
		C26CF8931BF05E6A006E1D5E /* CalendarViewController.h */ = {isa = PBXFileReference; fileEncoding = 4; lastKnownFileType = sourcecode.c.h; path = CalendarViewController.h; sourceTree = "<group>"; };
		C26CF8941BF05E6A006E1D5E /* CalendarViewController.m */ = {isa = PBXFileReference; fileEncoding = 4; lastKnownFileType = sourcecode.c.objc; path = CalendarViewController.m; sourceTree = "<group>"; };
		C26CF8961BF05E79006E1D5E /* BirthdayViewController.h */ = {isa = PBXFileReference; fileEncoding = 4; lastKnownFileType = sourcecode.c.h; path = BirthdayViewController.h; sourceTree = "<group>"; };
		C26CF8971BF05E79006E1D5E /* BirthdayViewController.m */ = {isa = PBXFileReference; fileEncoding = 4; lastKnownFileType = sourcecode.c.objc; path = BirthdayViewController.m; sourceTree = "<group>"; };
		C26CF8991BF05E82006E1D5E /* MainViewController.h */ = {isa = PBXFileReference; fileEncoding = 4; lastKnownFileType = sourcecode.c.h; path = MainViewController.h; sourceTree = "<group>"; };
		C26CF89A1BF05E82006E1D5E /* MainViewController.m */ = {isa = PBXFileReference; fileEncoding = 4; lastKnownFileType = sourcecode.c.objc; path = MainViewController.m; sourceTree = "<group>"; };
		C26CF89C1BF05EA4006E1D5E /* PrefixHeader.pch */ = {isa = PBXFileReference; lastKnownFileType = sourcecode.c.h; name = PrefixHeader.pch; path = ../Header/PrefixHeader.pch; sourceTree = "<group>"; };
		C26CF8A31BF08C90006E1D5E /* WaterFallFlowLayout.h */ = {isa = PBXFileReference; fileEncoding = 4; lastKnownFileType = sourcecode.c.h; path = WaterFallFlowLayout.h; sourceTree = "<group>"; };
		C26CF8A41BF08C90006E1D5E /* WaterFallFlowLayout.m */ = {isa = PBXFileReference; fileEncoding = 4; lastKnownFileType = sourcecode.c.objc; path = WaterFallFlowLayout.m; sourceTree = "<group>"; };
		C26CF8A51BF08C90006E1D5E /* WaterFallUICollectionViewCell.h */ = {isa = PBXFileReference; fileEncoding = 4; lastKnownFileType = sourcecode.c.h; path = WaterFallUICollectionViewCell.h; sourceTree = "<group>"; };
		C26CF8A61BF08C90006E1D5E /* WaterFallUICollectionViewCell.m */ = {isa = PBXFileReference; fileEncoding = 4; lastKnownFileType = sourcecode.c.objc; path = WaterFallUICollectionViewCell.m; sourceTree = "<group>"; };
		C26CF8AA1BF090BF006E1D5E /* jian.jpg */ = {isa = PBXFileReference; lastKnownFileType = image.jpeg; path = jian.jpg; sourceTree = "<group>"; };
		C26CF8AB1BF090BF006E1D5E /* jian3.jpg */ = {isa = PBXFileReference; lastKnownFileType = image.jpeg; path = jian3.jpg; sourceTree = "<group>"; };
		C26CF8AC1BF090BF006E1D5E /* jiang4.jpg */ = {isa = PBXFileReference; lastKnownFileType = image.jpeg; path = jiang4.jpg; sourceTree = "<group>"; };
		C26CF8AD1BF090BF006E1D5E /* tu.jpg */ = {isa = PBXFileReference; lastKnownFileType = image.jpeg; path = tu.jpg; sourceTree = "<group>"; };
		C29D3FEF1BF0A27300CABAF9 /* WriteViewController.h */ = {isa = PBXFileReference; fileEncoding = 4; lastKnownFileType = sourcecode.c.h; path = WriteViewController.h; sourceTree = "<group>"; };
		C29D3FF01BF0A27300CABAF9 /* WriteViewController.m */ = {isa = PBXFileReference; fileEncoding = 4; lastKnownFileType = sourcecode.c.objc; path = WriteViewController.m; sourceTree = "<group>"; };
		C29D3FF31BF0A45100CABAF9 /* t3.png */ = {isa = PBXFileReference; lastKnownFileType = image.png; path = t3.png; sourceTree = "<group>"; };
		C29D3FF41BF0A45100CABAF9 /* tu3.png */ = {isa = PBXFileReference; lastKnownFileType = image.png; path = tu3.png; sourceTree = "<group>"; };
		C29D3FF51BF0A45100CABAF9 /* tui1.png */ = {isa = PBXFileReference; lastKnownFileType = image.png; path = tui1.png; sourceTree = "<group>"; };
		C29D3FF61BF0A45100CABAF9 /* yuantu.png */ = {isa = PBXFileReference; lastKnownFileType = image.png; path = yuantu.png; sourceTree = "<group>"; };
		C29D3FFB1BF0C44E00CABAF9 /* mohu.png */ = {isa = PBXFileReference; lastKnownFileType = image.png; path = mohu.png; sourceTree = "<group>"; };
/* End PBXFileReference section */

/* Begin PBXFrameworksBuildPhase section */
		C26CF8521BF05CD8006E1D5E /* Frameworks */ = {
			isa = PBXFrameworksBuildPhase;
			buildActionMask = 2147483647;
			files = (
			);
			runOnlyForDeploymentPostprocessing = 0;
		};
/* End PBXFrameworksBuildPhase section */

/* Begin PBXGroup section */
		C26CF84C1BF05CD8006E1D5E = {
			isa = PBXGroup;
			children = (
				C26CF8571BF05CD8006E1D5E /* team */,
				C26CF8561BF05CD8006E1D5E /* Products */,
			);
			sourceTree = "<group>";
		};
		C26CF8561BF05CD8006E1D5E /* Products */ = {
			isa = PBXGroup;
			children = (
				C26CF8551BF05CD8006E1D5E /* team.app */,
			);
			name = Products;
			sourceTree = "<group>";
		};
		C26CF8571BF05CD8006E1D5E /* team */ = {
			isa = PBXGroup;
			children = (
				C26CF85B1BF05CD8006E1D5E /* AppDelegate.h */,
				C26CF85C1BF05CD8006E1D5E /* AppDelegate.m */,
				C26CF86F1BF05CE7006E1D5E /* xinqing */,
				C26CF8641BF05CD8006E1D5E /* Assets.xcassets */,
				C26CF8661BF05CD8006E1D5E /* LaunchScreen.storyboard */,
				C26CF8691BF05CD8006E1D5E /* Info.plist */,
				C26CF8581BF05CD8006E1D5E /* Supporting Files */,
			);
			path = team;
			sourceTree = "<group>";
		};
		C26CF8581BF05CD8006E1D5E /* Supporting Files */ = {
			isa = PBXGroup;
			children = (
				C26CF8591BF05CD8006E1D5E /* main.m */,
			);
			name = "Supporting Files";
			sourceTree = "<group>";
		};
		C26CF86F1BF05CE7006E1D5E /* xinqing */ = {
			isa = PBXGroup;
			children = (
				C29D3FF21BF0A45100CABAF9 /* Modolimage */,
				C26CF8A91BF090BF006E1D5E /* image */,
				C26CF8761BF05CE7006E1D5E /* Macro */,
				C26CF8771BF05CE7006E1D5E /* MainViewController */,
				C26CF8701BF05CE7006E1D5E /* BirthdayReminder */,
				C26CF8711BF05CE7006E1D5E /* Calendar（日历） */,
				C26CF8721BF05CE7006E1D5E /* Diary */,
				C26CF8781BF05CE7006E1D5E /* QRCode */,
				C26CF8791BF05CE7006E1D5E /* RecommendedDaily（每日推荐） */,
				C26CF87A1BF05CE7006E1D5E /* StarTheInterface */,
				C26CF87B1BF05CE7006E1D5E /* StoryBoard */,
				C26CF87C1BF05CE7006E1D5E /* TheSchedule（日程） */,
				C26CF87D1BF05CE7006E1D5E /* Weather */,
			);
			path = xinqing;
			sourceTree = "<group>";
		};
		C26CF8701BF05CE7006E1D5E /* BirthdayReminder */ = {
			isa = PBXGroup;
			children = (
				C26CF8961BF05E79006E1D5E /* BirthdayViewController.h */,
				C26CF8971BF05E79006E1D5E /* BirthdayViewController.m */,
			);
			path = BirthdayReminder;
			sourceTree = "<group>";
		};
		C26CF8711BF05CE7006E1D5E /* Calendar（日历） */ = {
			isa = PBXGroup;
			children = (
				C26CF8931BF05E6A006E1D5E /* CalendarViewController.h */,
				C26CF8941BF05E6A006E1D5E /* CalendarViewController.m */,
			);
			path = "Calendar（日历）";
			sourceTree = "<group>";
		};
		C26CF8721BF05CE7006E1D5E /* Diary */ = {
			isa = PBXGroup;
			children = (
				C26CF8731BF05CE7006E1D5E /* LookDiary */,
				C26CF8741BF05CE7006E1D5E /* WriteDiary */,
			);
			path = Diary;
			sourceTree = "<group>";
		};
		C26CF8731BF05CE7006E1D5E /* LookDiary */ = {
			isa = PBXGroup;
			children = (
				C26CF88D1BF05E44006E1D5E /* LookDiaryViewController.h */,
				C26CF88E1BF05E44006E1D5E /* LookDiaryViewController.m */,
			);
			path = LookDiary;
			sourceTree = "<group>";
		};
		C26CF8741BF05CE7006E1D5E /* WriteDiary */ = {
			isa = PBXGroup;
			children = (
				C26CF8901BF05E5B006E1D5E /* WriteDiaryViewController.h */,
				C26CF8911BF05E5B006E1D5E /* WriteDiaryViewController.m */,
				C26CF8A31BF08C90006E1D5E /* WaterFallFlowLayout.h */,
				C26CF8A41BF08C90006E1D5E /* WaterFallFlowLayout.m */,
				C26CF8A51BF08C90006E1D5E /* WaterFallUICollectionViewCell.h */,
				C26CF8A61BF08C90006E1D5E /* WaterFallUICollectionViewCell.m */,
				C29D3FEF1BF0A27300CABAF9 /* WriteViewController.h */,
				C29D3FF01BF0A27300CABAF9 /* WriteViewController.m */,
			);
			path = WriteDiary;
			sourceTree = "<group>";
		};
		C26CF8761BF05CE7006E1D5E /* Macro */ = {
			isa = PBXGroup;
			children = (
				C26CF89C1BF05EA4006E1D5E /* PrefixHeader.pch */,
			);
			path = Macro;
			sourceTree = "<group>";
		};
		C26CF8771BF05CE7006E1D5E /* MainViewController */ = {
			isa = PBXGroup;
			children = (
				C26CF8991BF05E82006E1D5E /* MainViewController.h */,
				C26CF89A1BF05E82006E1D5E /* MainViewController.m */,
				C29D3FFB1BF0C44E00CABAF9 /* mohu.png */,
			);
			path = MainViewController;
			sourceTree = "<group>";
		};
		C26CF8781BF05CE7006E1D5E /* QRCode */ = {
			isa = PBXGroup;
			children = (
				C26CF88A1BF05E24006E1D5E /* QRViewController.h */,
				C26CF88B1BF05E24006E1D5E /* QRViewController.m */,
			);
			path = QRCode;
			sourceTree = "<group>";
		};
		C26CF8791BF05CE7006E1D5E /* RecommendedDaily（每日推荐） */ = {
			isa = PBXGroup;
			children = (
				C26CF8871BF05E1A006E1D5E /* DailyViewController.h */,
				C26CF8881BF05E1A006E1D5E /* DailyViewController.m */,
			);
			path = "RecommendedDaily（每日推荐）";
			sourceTree = "<group>";
		};
		C26CF87A1BF05CE7006E1D5E /* StarTheInterface */ = {
			isa = PBXGroup;
			children = (
				C26CF8841BF05DFB006E1D5E /* StarViewController.h */,
				C26CF8851BF05DFB006E1D5E /* StarViewController.m */,
			);
			path = StarTheInterface;
			sourceTree = "<group>";
		};
		C26CF87B1BF05CE7006E1D5E /* StoryBoard */ = {
			isa = PBXGroup;
			children = (
				C26CF8611BF05CD8006E1D5E /* NIU.storyboard */,
			);
			path = StoryBoard;
			sourceTree = "<group>";
		};
		C26CF87C1BF05CE7006E1D5E /* TheSchedule（日程） */ = {
			isa = PBXGroup;
			children = (
				C26CF8811BF05DDB006E1D5E /* ScheduleViewController.h */,
				C26CF8821BF05DDB006E1D5E /* ScheduleViewController.m */,
			);
			path = "TheSchedule（日程）";
			sourceTree = "<group>";
		};
		C26CF87D1BF05CE7006E1D5E /* Weather */ = {
			isa = PBXGroup;
			children = (
				C26CF87E1BF05DC8006E1D5E /* WeatherViewController.h */,
				C26CF87F1BF05DC8006E1D5E /* WeatherViewController.m */,
			);
			path = Weather;
			sourceTree = "<group>";
		};
		C26CF8A91BF090BF006E1D5E /* image */ = {
			isa = PBXGroup;
			children = (
				C26CF8AA1BF090BF006E1D5E /* jian.jpg */,
				C26CF8AB1BF090BF006E1D5E /* jian3.jpg */,
				C26CF8AC1BF090BF006E1D5E /* jiang4.jpg */,
				C26CF8AD1BF090BF006E1D5E /* tu.jpg */,
			);
			path = image;
			sourceTree = "<group>";
		};
		C29D3FF21BF0A45100CABAF9 /* Modolimage */ = {
			isa = PBXGroup;
			children = (
				C29D3FF31BF0A45100CABAF9 /* t3.png */,
				C29D3FF41BF0A45100CABAF9 /* tu3.png */,
				C29D3FF51BF0A45100CABAF9 /* tui1.png */,
				C29D3FF61BF0A45100CABAF9 /* yuantu.png */,
			);
			path = Modolimage;
			sourceTree = "<group>";
		};
/* End PBXGroup section */

/* Begin PBXNativeTarget section */
		C26CF8541BF05CD8006E1D5E /* team */ = {
			isa = PBXNativeTarget;
			buildConfigurationList = C26CF86C1BF05CD8006E1D5E /* Build configuration list for PBXNativeTarget "team" */;
			buildPhases = (
				C26CF8511BF05CD8006E1D5E /* Sources */,
				C26CF8521BF05CD8006E1D5E /* Frameworks */,
				C26CF8531BF05CD8006E1D5E /* Resources */,
			);
			buildRules = (
			);
			dependencies = (
			);
			name = team;
			productName = team;
			productReference = C26CF8551BF05CD8006E1D5E /* team.app */;
			productType = "com.apple.product-type.application";
		};
/* End PBXNativeTarget section */

/* Begin PBXProject section */
		C26CF84D1BF05CD8006E1D5E /* Project object */ = {
			isa = PBXProject;
			attributes = {
				LastUpgradeCheck = 0700;
				ORGANIZATIONNAME = "钮海雷";
				TargetAttributes = {
					C26CF8541BF05CD8006E1D5E = {
						CreatedOnToolsVersion = 7.0;
					};
				};
			};
			buildConfigurationList = C26CF8501BF05CD8006E1D5E /* Build configuration list for PBXProject "team" */;
			compatibilityVersion = "Xcode 3.2";
			developmentRegion = English;
			hasScannedForEncodings = 0;
			knownRegions = (
				en,
				Base,
			);
			mainGroup = C26CF84C1BF05CD8006E1D5E;
			productRefGroup = C26CF8561BF05CD8006E1D5E /* Products */;
			projectDirPath = "";
			projectRoot = "";
			targets = (
				C26CF8541BF05CD8006E1D5E /* team */,
			);
		};
/* End PBXProject section */

/* Begin PBXResourcesBuildPhase section */
		C26CF8531BF05CD8006E1D5E /* Resources */ = {
			isa = PBXResourcesBuildPhase;
			buildActionMask = 2147483647;
			files = (
				C29D3FF71BF0A45100CABAF9 /* t3.png in Resources */,
				C26CF8B11BF090BF006E1D5E /* tu.jpg in Resources */,
				C26CF8681BF05CD8006E1D5E /* LaunchScreen.storyboard in Resources */,
				C29D3FF81BF0A45100CABAF9 /* tu3.png in Resources */,
				C26CF8AF1BF090BF006E1D5E /* jian3.jpg in Resources */,
				C29D3FFA1BF0A45100CABAF9 /* yuantu.png in Resources */,
				C26CF8B01BF090BF006E1D5E /* jiang4.jpg in Resources */,
				C29D3FF91BF0A45100CABAF9 /* tui1.png in Resources */,
				C29D3FFC1BF0C44E00CABAF9 /* mohu.png in Resources */,
				C26CF8AE1BF090BF006E1D5E /* jian.jpg in Resources */,
				C26CF8651BF05CD8006E1D5E /* Assets.xcassets in Resources */,
				C26CF8631BF05CD8006E1D5E /* NIU.storyboard in Resources */,
			);
			runOnlyForDeploymentPostprocessing = 0;
		};
/* End PBXResourcesBuildPhase section */

/* Begin PBXSourcesBuildPhase section */
		C26CF8511BF05CD8006E1D5E /* Sources */ = {
			isa = PBXSourcesBuildPhase;
			buildActionMask = 2147483647;
			files = (
				C26CF8921BF05E5B006E1D5E /* WriteDiaryViewController.m in Sources */,
				C26CF8A81BF08C90006E1D5E /* WaterFallUICollectionViewCell.m in Sources */,
				C26CF8801BF05DC8006E1D5E /* WeatherViewController.m in Sources */,
				C26CF8861BF05DFB006E1D5E /* StarViewController.m in Sources */,
				C29D3FF11BF0A27300CABAF9 /* WriteViewController.m in Sources */,
				C26CF89B1BF05E82006E1D5E /* MainViewController.m in Sources */,
				C26CF8831BF05DDB006E1D5E /* ScheduleViewController.m in Sources */,
				C26CF8981BF05E79006E1D5E /* BirthdayViewController.m in Sources */,
				C26CF85D1BF05CD8006E1D5E /* AppDelegate.m in Sources */,
				C26CF85A1BF05CD8006E1D5E /* main.m in Sources */,
				C26CF8891BF05E1A006E1D5E /* DailyViewController.m in Sources */,
				C26CF88C1BF05E24006E1D5E /* QRViewController.m in Sources */,
				C26CF88F1BF05E44006E1D5E /* LookDiaryViewController.m in Sources */,
				C26CF8A71BF08C90006E1D5E /* WaterFallFlowLayout.m in Sources */,
				C26CF8951BF05E6A006E1D5E /* CalendarViewController.m in Sources */,
			);
			runOnlyForDeploymentPostprocessing = 0;
		};
/* End PBXSourcesBuildPhase section */

/* Begin PBXVariantGroup section */
		C26CF8611BF05CD8006E1D5E /* NIU.storyboard */ = {
			isa = PBXVariantGroup;
			children = (
				C26CF8621BF05CD8006E1D5E /* Base */,
			);
			name = NIU.storyboard;
			path = ../..;
			sourceTree = "<group>";
		};
		C26CF8661BF05CD8006E1D5E /* LaunchScreen.storyboard */ = {
			isa = PBXVariantGroup;
			children = (
				C26CF8671BF05CD8006E1D5E /* Base */,
			);
			name = LaunchScreen.storyboard;
			sourceTree = "<group>";
		};
/* End PBXVariantGroup section */

/* Begin XCBuildConfiguration section */
		C26CF86A1BF05CD8006E1D5E /* Debug */ = {
			isa = XCBuildConfiguration;
			buildSettings = {
				ALWAYS_SEARCH_USER_PATHS = NO;
				CLANG_CXX_LANGUAGE_STANDARD = "gnu++0x";
				CLANG_CXX_LIBRARY = "libc++";
				CLANG_ENABLE_MODULES = YES;
				CLANG_ENABLE_OBJC_ARC = YES;
				CLANG_WARN_BOOL_CONVERSION = YES;
				CLANG_WARN_CONSTANT_CONVERSION = YES;
				CLANG_WARN_DIRECT_OBJC_ISA_USAGE = YES_ERROR;
				CLANG_WARN_EMPTY_BODY = YES;
				CLANG_WARN_ENUM_CONVERSION = YES;
				CLANG_WARN_INT_CONVERSION = YES;
				CLANG_WARN_OBJC_ROOT_CLASS = YES_ERROR;
				CLANG_WARN_UNREACHABLE_CODE = YES;
				CLANG_WARN__DUPLICATE_METHOD_MATCH = YES;
				"CODE_SIGN_IDENTITY[sdk=iphoneos*]" = "iPhone Developer";
				COPY_PHASE_STRIP = NO;
				DEBUG_INFORMATION_FORMAT = dwarf;
				ENABLE_STRICT_OBJC_MSGSEND = YES;
				ENABLE_TESTABILITY = YES;
				GCC_C_LANGUAGE_STANDARD = gnu99;
				GCC_DYNAMIC_NO_PIC = NO;
				GCC_NO_COMMON_BLOCKS = YES;
				GCC_OPTIMIZATION_LEVEL = 0;
				GCC_PREPROCESSOR_DEFINITIONS = (
					"DEBUG=1",
					"$(inherited)",
				);
				GCC_WARN_64_TO_32_BIT_CONVERSION = YES;
				GCC_WARN_ABOUT_RETURN_TYPE = YES_ERROR;
				GCC_WARN_UNDECLARED_SELECTOR = YES;
				GCC_WARN_UNINITIALIZED_AUTOS = YES_AGGRESSIVE;
				GCC_WARN_UNUSED_FUNCTION = YES;
				GCC_WARN_UNUSED_VARIABLE = YES;
				IPHONEOS_DEPLOYMENT_TARGET = 9.0;
				MTL_ENABLE_DEBUG_INFO = YES;
				ONLY_ACTIVE_ARCH = YES;
				SDKROOT = iphoneos;
				TARGETED_DEVICE_FAMILY = "1,2";
			};
			name = Debug;
		};
		C26CF86B1BF05CD8006E1D5E /* Release */ = {
			isa = XCBuildConfiguration;
			buildSettings = {
				ALWAYS_SEARCH_USER_PATHS = NO;
				CLANG_CXX_LANGUAGE_STANDARD = "gnu++0x";
				CLANG_CXX_LIBRARY = "libc++";
				CLANG_ENABLE_MODULES = YES;
				CLANG_ENABLE_OBJC_ARC = YES;
				CLANG_WARN_BOOL_CONVERSION = YES;
				CLANG_WARN_CONSTANT_CONVERSION = YES;
				CLANG_WARN_DIRECT_OBJC_ISA_USAGE = YES_ERROR;
				CLANG_WARN_EMPTY_BODY = YES;
				CLANG_WARN_ENUM_CONVERSION = YES;
				CLANG_WARN_INT_CONVERSION = YES;
				CLANG_WARN_OBJC_ROOT_CLASS = YES_ERROR;
				CLANG_WARN_UNREACHABLE_CODE = YES;
				CLANG_WARN__DUPLICATE_METHOD_MATCH = YES;
				"CODE_SIGN_IDENTITY[sdk=iphoneos*]" = "iPhone Developer";
				COPY_PHASE_STRIP = NO;
				DEBUG_INFORMATION_FORMAT = "dwarf-with-dsym";
				ENABLE_NS_ASSERTIONS = NO;
				ENABLE_STRICT_OBJC_MSGSEND = YES;
				GCC_C_LANGUAGE_STANDARD = gnu99;
				GCC_NO_COMMON_BLOCKS = YES;
				GCC_WARN_64_TO_32_BIT_CONVERSION = YES;
				GCC_WARN_ABOUT_RETURN_TYPE = YES_ERROR;
				GCC_WARN_UNDECLARED_SELECTOR = YES;
				GCC_WARN_UNINITIALIZED_AUTOS = YES_AGGRESSIVE;
				GCC_WARN_UNUSED_FUNCTION = YES;
				GCC_WARN_UNUSED_VARIABLE = YES;
				IPHONEOS_DEPLOYMENT_TARGET = 9.0;
				MTL_ENABLE_DEBUG_INFO = NO;
				SDKROOT = iphoneos;
				TARGETED_DEVICE_FAMILY = "1,2";
				VALIDATE_PRODUCT = YES;
			};
			name = Release;
		};
		C26CF86D1BF05CD8006E1D5E /* Debug */ = {
			isa = XCBuildConfiguration;
			buildSettings = {
				ASSETCATALOG_COMPILER_APPICON_NAME = AppIcon;
				GCC_PREFIX_HEADER = "/Users/lanou3g/Desktop/生活助手/team/team/xinqing/Header/PrefixHeader.pch";
				INFOPLIST_FILE = team/Info.plist;
				LD_RUNPATH_SEARCH_PATHS = "$(inherited) @executable_path/Frameworks";
				PRODUCT_BUNDLE_IDENTIFIER = niuhailei.team;
				PRODUCT_NAME = "$(TARGET_NAME)";
			};
			name = Debug;
		};
		C26CF86E1BF05CD8006E1D5E /* Release */ = {
			isa = XCBuildConfiguration;
			buildSettings = {
				ASSETCATALOG_COMPILER_APPICON_NAME = AppIcon;
				GCC_PREFIX_HEADER = "/Users/lanou3g/Desktop/生活助手/team/team/xinqing/Header/PrefixHeader.pch";
				INFOPLIST_FILE = team/Info.plist;
				LD_RUNPATH_SEARCH_PATHS = "$(inherited) @executable_path/Frameworks";
				PRODUCT_BUNDLE_IDENTIFIER = niuhailei.team;
				PRODUCT_NAME = "$(TARGET_NAME)";
			};
			name = Release;
		};
/* End XCBuildConfiguration section */

/* Begin XCConfigurationList section */
		C26CF8501BF05CD8006E1D5E /* Build configuration list for PBXProject "team" */ = {
			isa = XCConfigurationList;
			buildConfigurations = (
				C26CF86A1BF05CD8006E1D5E /* Debug */,
				C26CF86B1BF05CD8006E1D5E /* Release */,
			);
			defaultConfigurationIsVisible = 0;
			defaultConfigurationName = Release;
		};
		C26CF86C1BF05CD8006E1D5E /* Build configuration list for PBXNativeTarget "team" */ = {
			isa = XCConfigurationList;
			buildConfigurations = (
				C26CF86D1BF05CD8006E1D5E /* Debug */,
				C26CF86E1BF05CD8006E1D5E /* Release */,
			);
			defaultConfigurationIsVisible = 0;
			defaultConfigurationName = Release;
		};
/* End XCConfigurationList section */
	};
	rootObject = C26CF84D1BF05CD8006E1D5E /* Project object */;
}
